{
  "version": 4,
  "terraform_version": "1.14.0",
  "serial": 3,
  "lineage": "6f7134eb-acaf-6fc3-03fa-c45995df45a8",
  "outputs": {
    "eventbridge_rules": {
      "value": {
        "inactive_users": "clouddojo-inactive-users-production",
        "weekly_progress": "clouddojo-weekly-progress-production"
      },
      "type": [
        "object",
        {
          "inactive_users": "string",
          "weekly_progress": "string"
        }
      ]
    },
    "private_subnet_ids": {
      "value": [
        "subnet-01898fc909d771cfb",
        "subnet-096942262c745518c"
      ],
      "type": [
        "tuple",
        [
          "string",
          "string"
        ]
      ]
    },
    "redis_endpoint": {
      "value": "clouddojo-redis-production.6qqqxg.0001.use1.cache.amazonaws.com",
      "type": "string",
      "sensitive": true
    },
    "redis_url": {
      "value": "redis://clouddojo-redis-production.6qqqxg.0001.use1.cache.amazonaws.com:6379",
      "type": "string",
      "sensitive": true
    },
    "resend_webhook_url": {
      "value": "https://j64kovr6t33sbng3z7oxuariya0vpkot.lambda-url.us-east-1.on.aws/",
      "type": "string"
    },
    "sqs_dlq_url": {
      "value": "https://sqs.us-east-1.amazonaws.com/220657560168/clouddojo-email-dlq-production",
      "type": "string"
    },
    "sqs_queue_url": {
      "value": "https://sqs.us-east-1.amazonaws.com/220657560168/clouddojo-email-queue-production",
      "type": "string"
    },
    "vpc_id": {
      "value": "vpc-0e3bf636c2fd44112",
      "type": "string"
    }
  },
  "resources": [
    {
      "mode": "data",
      "type": "aws_availability_zones",
      "name": "available",
      "provider": "provider[\"registry.terraform.io/hashicorp/aws\"]",
      "instances": [
        {
          "schema_version": 0,
          "attributes": {
            "all_availability_zones": null,
            "exclude_names": null,
            "exclude_zone_ids": null,
            "filter": null,
            "group_names": [
              "us-east-1-zg-1"
            ],
            "id": "us-east-1",
            "names": [
              "us-east-1a",
              "us-east-1b",
              "us-east-1c",
              "us-east-1d",
              "us-east-1e",
              "us-east-1f"
            ],
            "state": "available",
            "timeouts": null,
            "zone_ids": [
              "use1-az6",
              "use1-az1",
              "use1-az2",
              "use1-az4",
              "use1-az3",
              "use1-az5"
            ]
          },
          "sensitive_attributes": [],
          "identity_schema_version": 0
        }
      ]
    },
    {
      "mode": "data",
      "type": "aws_caller_identity",
      "name": "current",
      "provider": "provider[\"registry.terraform.io/hashicorp/aws\"]",
      "instances": [
        {
          "schema_version": 0,
          "attributes": {
            "account_id": "220657560168",
            "arn": "arn:aws:iam::220657560168:user/level_2_user",
            "id": "220657560168",
            "user_id": "AIDATGYBXFJUKB7MITWU7"
          },
          "sensitive_attributes": [],
          "identity_schema_version": 0
        }
      ]
    },
    {
      "mode": "data",
      "type": "aws_region",
      "name": "current",
      "provider": "provider[\"registry.terraform.io/hashicorp/aws\"]",
      "instances": [
        {
          "schema_version": 0,
          "attributes": {
            "description": "US East (N. Virginia)",
            "endpoint": "ec2.us-east-1.amazonaws.com",
            "id": "us-east-1",
            "name": "us-east-1"
          },
          "sensitive_attributes": [],
          "identity_schema_version": 0
        }
      ]
    },
    {
      "mode": "managed",
      "type": "aws_cloudwatch_event_rule",
      "name": "inactive_users",
      "provider": "provider[\"registry.terraform.io/hashicorp/aws\"]",
      "instances": [
        {
          "schema_version": 1,
          "attributes": {
            "arn": "arn:aws:events:us-east-1:220657560168:rule/clouddojo-inactive-users-production",
            "description": "Trigger inactive user re-engagement daily at 2 PM UTC",
            "event_bus_name": "default",
            "event_pattern": null,
            "force_destroy": false,
            "id": "clouddojo-inactive-users-production",
            "is_enabled": true,
            "name": "clouddojo-inactive-users-production",
            "name_prefix": "",
            "role_arn": "",
            "schedule_expression": "cron(0 14 * * ? *)",
            "state": "ENABLED",
            "tags": {
              "Name": "clouddojo-inactive-users-rule"
            },
            "tags_all": {
              "Environment": "production",
              "ManagedBy": "Terraform",
              "Name": "clouddojo-inactive-users-rule",
              "Project": "CloudDojo",
              "Service": "EmailService"
            }
          },
          "sensitive_attributes": [],
          "identity_schema_version": 0,
          "private": "eyJzY2hlbWFfdmVyc2lvbiI6IjEifQ=="
        }
      ]
    },
    {
      "mode": "managed",
      "type": "aws_cloudwatch_event_rule",
      "name": "weekly_progress",
      "provider": "provider[\"registry.terraform.io/hashicorp/aws\"]",
      "instances": [
        {
          "schema_version": 1,
          "attributes": {
            "arn": "arn:aws:events:us-east-1:220657560168:rule/clouddojo-weekly-progress-production",
            "description": "Trigger weekly progress report every Sunday at 10 AM UTC",
            "event_bus_name": "default",
            "event_pattern": null,
            "force_destroy": false,
            "id": "clouddojo-weekly-progress-production",
            "is_enabled": true,
            "name": "clouddojo-weekly-progress-production",
            "name_prefix": "",
            "role_arn": "",
            "schedule_expression": "cron(0 10 ? * SUN *)",
            "state": "ENABLED",
            "tags": {
              "Name": "clouddojo-weekly-progress-rule"
            },
            "tags_all": {
              "Environment": "production",
              "ManagedBy": "Terraform",
              "Name": "clouddojo-weekly-progress-rule",
              "Project": "CloudDojo",
              "Service": "EmailService"
            }
          },
          "sensitive_attributes": [],
          "identity_schema_version": 0,
          "private": "eyJzY2hlbWFfdmVyc2lvbiI6IjEifQ=="
        }
      ]
    },
    {
      "mode": "managed",
      "type": "aws_cloudwatch_event_target",
      "name": "inactive_users",
      "provider": "provider[\"registry.terraform.io/hashicorp/aws\"]",
      "instances": [
        {
          "schema_version": 1,
          "attributes": {
            "appsync_target": [],
            "arn": "arn:aws:lambda:us-east-1:220657560168:function:clouddojo-inactive-users-production",
            "batch_target": [],
            "dead_letter_config": [],
            "ecs_target": [],
            "event_bus_name": "default",
            "force_destroy": false,
            "http_target": [],
            "id": "clouddojo-inactive-users-production-InactiveUsersLambda",
            "input": "",
            "input_path": "",
            "input_transformer": [],
            "kinesis_target": [],
            "redshift_target": [],
            "retry_policy": [],
            "role_arn": "",
            "rule": "clouddojo-inactive-users-production",
            "run_command_targets": [],
            "sagemaker_pipeline_target": [],
            "sqs_target": [],
            "target_id": "InactiveUsersLambda"
          },
          "sensitive_attributes": [],
          "identity_schema_version": 0,
          "private": "eyJzY2hlbWFfdmVyc2lvbiI6IjEifQ==",
          "dependencies": [
            "aws_cloudwatch_event_rule.inactive_users",
            "aws_iam_role.lambda_execution",
            "aws_lambda_function.inactive_users",
            "aws_lambda_layer_version.shared_dependencies",
            "aws_s3_bucket.lambda_deployments",
            "aws_s3_object.inactive_users",
            "aws_s3_object.shared_layer",
            "aws_secretsmanager_secret.database_url",
            "aws_secretsmanager_secret.redis_url",
            "aws_security_group.lambda",
            "aws_sqs_queue.email_dlq",
            "aws_sqs_queue.email_queue",
            "aws_subnet.private",
            "aws_vpc.main",
            "data.aws_availability_zones.available"
          ]
        }
      ]
    },
    {
      "mode": "managed",
      "type": "aws_cloudwatch_event_target",
      "name": "weekly_progress",
      "provider": "provider[\"registry.terraform.io/hashicorp/aws\"]",
      "instances": [
        {
          "schema_version": 1,
          "attributes": {
            "appsync_target": [],
            "arn": "arn:aws:lambda:us-east-1:220657560168:function:clouddojo-weekly-progress-production",
            "batch_target": [],
            "dead_letter_config": [],
            "ecs_target": [],
            "event_bus_name": "default",
            "force_destroy": false,
            "http_target": [],
            "id": "clouddojo-weekly-progress-production-WeeklyProgressLambda",
            "input": "",
            "input_path": "",
            "input_transformer": [],
            "kinesis_target": [],
            "redshift_target": [],
            "retry_policy": [],
            "role_arn": "",
            "rule": "clouddojo-weekly-progress-production",
            "run_command_targets": [],
            "sagemaker_pipeline_target": [],
            "sqs_target": [],
            "target_id": "WeeklyProgressLambda"
          },
          "sensitive_attributes": [],
          "identity_schema_version": 0,
          "private": "eyJzY2hlbWFfdmVyc2lvbiI6IjEifQ==",
          "dependencies": [
            "aws_cloudwatch_event_rule.weekly_progress",
            "aws_iam_role.lambda_execution",
            "aws_lambda_function.weekly_progress",
            "aws_lambda_layer_version.shared_dependencies",
            "aws_s3_bucket.lambda_deployments",
            "aws_s3_object.shared_layer",
            "aws_s3_object.weekly_progress",
            "aws_secretsmanager_secret.database_url",
            "aws_secretsmanager_secret.redis_url",
            "aws_security_group.lambda",
            "aws_sqs_queue.email_dlq",
            "aws_sqs_queue.email_queue",
            "aws_subnet.private",
            "aws_vpc.main",
            "data.aws_availability_zones.available"
          ]
        }
      ]
    },
    {
      "mode": "managed",
      "type": "aws_cloudwatch_metric_alarm",
      "name": "dlq_messages",
      "provider": "provider[\"registry.terraform.io/hashicorp/aws\"]",
      "instances": [
        {
          "schema_version": 1,
          "attributes": {
            "actions_enabled": true,
            "alarm_actions": [],
            "alarm_description": "Alert when DLQ has messages (failed emails)",
            "alarm_name": "clouddojo-email-dlq-messages-production",
            "arn": "arn:aws:cloudwatch:us-east-1:220657560168:alarm:clouddojo-email-dlq-messages-production",
            "comparison_operator": "GreaterThanThreshold",
            "datapoints_to_alarm": 0,
            "dimensions": {
              "QueueName": "clouddojo-email-dlq-production"
            },
            "evaluate_low_sample_count_percentiles": "",
            "evaluation_periods": 1,
            "extended_statistic": "",
            "id": "clouddojo-email-dlq-messages-production",
            "insufficient_data_actions": [],
            "metric_name": "ApproximateNumberOfMessagesVisible",
            "metric_query": [],
            "namespace": "AWS/SQS",
            "ok_actions": [],
            "period": 300,
            "statistic": "Average",
            "tags": {},
            "tags_all": {
              "Environment": "production",
              "ManagedBy": "Terraform",
              "Project": "CloudDojo",
              "Service": "EmailService"
            },
            "threshold": 10,
            "threshold_metric_id": "",
            "treat_missing_data": "notBreaching",
            "unit": ""
          },
          "sensitive_attributes": [],
          "identity_schema_version": 0,
          "private": "eyJzY2hlbWFfdmVyc2lvbiI6IjEifQ==",
          "dependencies": [
            "aws_sqs_queue.email_dlq"
          ]
        }
      ]
    },
    {
      "mode": "managed",
      "type": "aws_eip",
      "name": "nat",
      "provider": "provider[\"registry.terraform.io/hashicorp/aws\"]",
      "instances": [
        {
          "schema_version": 0,
          "attributes": {
            "address": null,
            "allocation_id": "eipalloc-07acb2791766dfb58",
            "arn": "arn:aws:ec2:us-east-1:220657560168:elastic-ip/eipalloc-07acb2791766dfb58",
            "associate_with_private_ip": null,
            "association_id": "eipassoc-035459d7f8eeb972d",
            "carrier_ip": "",
            "customer_owned_ip": "",
            "customer_owned_ipv4_pool": "",
            "domain": "vpc",
            "id": "eipalloc-07acb2791766dfb58",
            "instance": "",
            "ipam_pool_id": null,
            "network_border_group": "us-east-1",
            "network_interface": "eni-055c100353e6c632d",
            "private_dns": "ip-10-0-0-124.ec2.internal",
            "private_ip": "10.0.0.124",
            "ptr_record": "",
            "public_dns": "ec2-54-235-217-6.compute-1.amazonaws.com",
            "public_ip": "54.235.217.6",
            "public_ipv4_pool": "amazon",
            "tags": {
              "Name": "clouddojo-nat-eip"
            },
            "tags_all": {
              "Environment": "production",
              "ManagedBy": "Terraform",
              "Name": "clouddojo-nat-eip",
              "Project": "CloudDojo",
              "Service": "EmailService"
            },
            "timeouts": null,
            "vpc": true
          },
          "sensitive_attributes": [],
          "identity_schema_version": 0,
          "private": "eyJlMmJmYjczMC1lY2FhLTExZTYtOGY4OC0zNDM2M2JjN2M0YzAiOnsiZGVsZXRlIjoxODAwMDAwMDAwMDAsInJlYWQiOjkwMDAwMDAwMDAwMCwidXBkYXRlIjozMDAwMDAwMDAwMDB9fQ==",
          "dependencies": [
            "aws_internet_gateway.main",
            "aws_vpc.main"
          ]
        }
      ]
    },
    {
      "mode": "managed",
      "type": "aws_elasticache_cluster",
      "name": "redis",
      "provider": "provider[\"registry.terraform.io/hashicorp/aws\"]",
      "instances": [
        {
          "schema_version": 0,
          "attributes": {
            "apply_immediately": null,
            "arn": "arn:aws:elasticache:us-east-1:220657560168:cluster:clouddojo-redis-production",
            "auto_minor_version_upgrade": "true",
            "availability_zone": "us-east-1a",
            "az_mode": "single-az",
            "cache_nodes": [
              {
                "address": "clouddojo-redis-production.6qqqxg.0001.use1.cache.amazonaws.com",
                "availability_zone": "us-east-1a",
                "id": "0001",
                "outpost_arn": "",
                "port": 6379
              }
            ],
            "cluster_address": null,
            "cluster_id": "clouddojo-redis-production",
            "configuration_endpoint": null,
            "engine": "redis",
            "engine_version": "7.1",
            "engine_version_actual": "7.1.0",
            "final_snapshot_identifier": null,
            "id": "clouddojo-redis-production",
            "ip_discovery": "ipv4",
            "log_delivery_configuration": [],
            "maintenance_window": "sun:05:00-sun:07:00",
            "network_type": "ipv4",
            "node_type": "cache.t4g.micro",
            "notification_topic_arn": null,
            "num_cache_nodes": 1,
            "outpost_mode": null,
            "parameter_group_name": "default.redis7",
            "port": 6379,
            "preferred_availability_zones": null,
            "preferred_outpost_arn": "",
            "replication_group_id": "",
            "security_group_ids": [
              "sg-00f900552c96436fb"
            ],
            "snapshot_arns": null,
            "snapshot_name": null,
            "snapshot_retention_limit": 1,
            "snapshot_window": "03:00-05:00",
            "subnet_group_name": "clouddojo-redis-subnet-production",
            "tags": {
              "Name": "clouddojo-redis"
            },
            "tags_all": {
              "Environment": "production",
              "ManagedBy": "Terraform",
              "Name": "clouddojo-redis",
              "Project": "CloudDojo",
              "Service": "EmailService"
            },
            "timeouts": null,
            "transit_encryption_enabled": false
          },
          "sensitive_attributes": [],
          "identity_schema_version": 0,
          "private": "eyJlMmJmYjczMC1lY2FhLTExZTYtOGY4OC0zNDM2M2JjN2M0YzAiOnsiY3JlYXRlIjoyNDAwMDAwMDAwMDAwLCJkZWxldGUiOjI0MDAwMDAwMDAwMDAsInVwZGF0ZSI6NDgwMDAwMDAwMDAwMH19",
          "dependencies": [
            "aws_elasticache_subnet_group.redis",
            "aws_security_group.lambda",
            "aws_security_group.redis",
            "aws_subnet.private",
            "aws_vpc.main",
            "data.aws_availability_zones.available"
          ]
        }
      ]
    },
    {
      "mode": "managed",
      "type": "aws_elasticache_subnet_group",
      "name": "redis",
      "provider": "provider[\"registry.terraform.io/hashicorp/aws\"]",
      "instances": [
        {
          "schema_version": 0,
          "attributes": {
            "arn": "arn:aws:elasticache:us-east-1:220657560168:subnetgroup:clouddojo-redis-subnet-production",
            "description": "Managed by Terraform",
            "id": "clouddojo-redis-subnet-production",
            "name": "clouddojo-redis-subnet-production",
            "subnet_ids": [
              "subnet-01898fc909d771cfb",
              "subnet-096942262c745518c"
            ],
            "tags": {
              "Name": "clouddojo-redis-subnet-group"
            },
            "tags_all": {
              "Environment": "production",
              "ManagedBy": "Terraform",
              "Name": "clouddojo-redis-subnet-group",
              "Project": "CloudDojo",
              "Service": "EmailService"
            },
            "vpc_id": "vpc-0e3bf636c2fd44112"
          },
          "sensitive_attributes": [],
          "identity_schema_version": 0,
          "private": "bnVsbA==",
          "dependencies": [
            "aws_subnet.private",
            "aws_vpc.main",
            "data.aws_availability_zones.available"
          ]
        }
      ]
    },
    {
      "mode": "managed",
      "type": "aws_iam_policy",
      "name": "lambda_logs",
      "provider": "provider[\"registry.terraform.io/hashicorp/aws\"]",
      "instances": [
        {
          "schema_version": 0,
          "attributes": {
            "arn": "arn:aws:iam::220657560168:policy/clouddojo-lambda-logs-production",
            "attachment_count": 1,
            "description": "",
            "id": "arn:aws:iam::220657560168:policy/clouddojo-lambda-logs-production",
            "name": "clouddojo-lambda-logs-production",
            "name_prefix": "",
            "path": "/",
            "policy": "{\"Statement\":[{\"Action\":[\"logs:CreateLogGroup\",\"logs:CreateLogStream\",\"logs:PutLogEvents\"],\"Effect\":\"Allow\",\"Resource\":\"arn:aws:logs:*:*:*\"}],\"Version\":\"2012-10-17\"}",
            "policy_id": "ANPATGYBXFJUCX3YWPJNC",
            "tags": {},
            "tags_all": {
              "Environment": "production",
              "ManagedBy": "Terraform",
              "Project": "CloudDojo",
              "Service": "EmailService"
            }
          },
          "sensitive_attributes": [],
          "identity_schema_version": 0,
          "private": "bnVsbA=="
        }
      ]
    },
    {
      "mode": "managed",
      "type": "aws_iam_policy",
      "name": "lambda_sqs_access",
      "provider": "provider[\"registry.terraform.io/hashicorp/aws\"]",
      "instances": [
        {
          "schema_version": 0,
          "attributes": {
            "arn": "arn:aws:iam::220657560168:policy/clouddojo-lambda-sqs-access-production",
            "attachment_count": 1,
            "description": "",
            "id": "arn:aws:iam::220657560168:policy/clouddojo-lambda-sqs-access-production",
            "name": "clouddojo-lambda-sqs-access-production",
            "name_prefix": "",
            "path": "/",
            "policy": "{\"Statement\":[{\"Action\":[\"sqs:SendMessage\",\"sqs:ReceiveMessage\",\"sqs:DeleteMessage\",\"sqs:GetQueueAttributes\"],\"Effect\":\"Allow\",\"Resource\":[\"arn:aws:sqs:us-east-1:220657560168:clouddojo-email-queue-production\",\"arn:aws:sqs:us-east-1:220657560168:clouddojo-email-dlq-production\"]}],\"Version\":\"2012-10-17\"}",
            "policy_id": "ANPATGYBXFJUABVC2IAZB",
            "tags": {},
            "tags_all": {
              "Environment": "production",
              "ManagedBy": "Terraform",
              "Project": "CloudDojo",
              "Service": "EmailService"
            }
          },
          "sensitive_attributes": [],
          "identity_schema_version": 0,
          "private": "bnVsbA==",
          "dependencies": [
            "aws_sqs_queue.email_dlq",
            "aws_sqs_queue.email_queue"
          ]
        }
      ]
    },
    {
      "mode": "managed",
      "type": "aws_iam_policy",
      "name": "secrets_access",
      "provider": "provider[\"registry.terraform.io/hashicorp/aws\"]",
      "instances": [
        {
          "schema_version": 0,
          "attributes": {
            "arn": "arn:aws:iam::220657560168:policy/clouddojo-lambda-secrets-access-production",
            "attachment_count": 1,
            "description": "Allow Lambda functions to read secrets",
            "id": "arn:aws:iam::220657560168:policy/clouddojo-lambda-secrets-access-production",
            "name": "clouddojo-lambda-secrets-access-production",
            "name_prefix": "",
            "path": "/",
            "policy": "{\"Statement\":[{\"Action\":[\"secretsmanager:GetSecretValue\",\"secretsmanager:DescribeSecret\"],\"Effect\":\"Allow\",\"Resource\":[\"arn:aws:secretsmanager:us-east-1:220657560168:secret:clouddojo/resend-api-key-production-Cv8dP2\",\"arn:aws:secretsmanager:us-east-1:220657560168:secret:clouddojo/database-url-production-pC52E6\",\"arn:aws:secretsmanager:us-east-1:220657560168:secret:clouddojo/redis-url-production-VtIQF0\"]}],\"Version\":\"2012-10-17\"}",
            "policy_id": "ANPATGYBXFJUPFNTR4MCJ",
            "tags": {},
            "tags_all": {
              "Environment": "production",
              "ManagedBy": "Terraform",
              "Project": "CloudDojo",
              "Service": "EmailService"
            }
          },
          "sensitive_attributes": [],
          "identity_schema_version": 0,
          "private": "bnVsbA==",
          "dependencies": [
            "aws_secretsmanager_secret.database_url",
            "aws_secretsmanager_secret.redis_url",
            "aws_secretsmanager_secret.resend_api_key"
          ]
        }
      ]
    },
    {
      "mode": "managed",
      "type": "aws_iam_role",
      "name": "lambda_execution",
      "provider": "provider[\"registry.terraform.io/hashicorp/aws\"]",
      "instances": [
        {
          "schema_version": 0,
          "attributes": {
            "arn": "arn:aws:iam::220657560168:role/clouddojo-lambda-execution-production",
            "assume_role_policy": "{\"Statement\":[{\"Action\":\"sts:AssumeRole\",\"Effect\":\"Allow\",\"Principal\":{\"Service\":\"lambda.amazonaws.com\"}}],\"Version\":\"2012-10-17\"}",
            "create_date": "2025-11-21T22:32:21Z",
            "description": "",
            "force_detach_policies": false,
            "id": "clouddojo-lambda-execution-production",
            "inline_policy": [],
            "managed_policy_arns": [
              "arn:aws:iam::220657560168:policy/clouddojo-lambda-logs-production",
              "arn:aws:iam::220657560168:policy/clouddojo-lambda-secrets-access-production",
              "arn:aws:iam::220657560168:policy/clouddojo-lambda-sqs-access-production",
              "arn:aws:iam::aws:policy/service-role/AWSLambdaVPCAccessExecutionRole"
            ],
            "max_session_duration": 3600,
            "name": "clouddojo-lambda-execution-production",
            "name_prefix": "",
            "path": "/",
            "permissions_boundary": "",
            "tags": {},
            "tags_all": {
              "Environment": "production",
              "ManagedBy": "Terraform",
              "Project": "CloudDojo",
              "Service": "EmailService"
            },
            "unique_id": "AROATGYBXFJUAP4DL25GG"
          },
          "sensitive_attributes": [],
          "identity_schema_version": 0,
          "private": "bnVsbA=="
        }
      ]
    },
    {
      "mode": "managed",
      "type": "aws_iam_role_policy_attachment",
      "name": "lambda_logs",
      "provider": "provider[\"registry.terraform.io/hashicorp/aws\"]",
      "instances": [
        {
          "schema_version": 0,
          "attributes": {
            "id": "clouddojo-lambda-execution-production-20251121223222178000000001",
            "policy_arn": "arn:aws:iam::220657560168:policy/clouddojo-lambda-logs-production",
            "role": "clouddojo-lambda-execution-production"
          },
          "sensitive_attributes": [],
          "identity_schema_version": 0,
          "private": "bnVsbA==",
          "dependencies": [
            "aws_iam_policy.lambda_logs",
            "aws_iam_role.lambda_execution"
          ]
        }
      ]
    },
    {
      "mode": "managed",
      "type": "aws_iam_role_policy_attachment",
      "name": "lambda_secrets",
      "provider": "provider[\"registry.terraform.io/hashicorp/aws\"]",
      "instances": [
        {
          "schema_version": 0,
          "attributes": {
            "id": "clouddojo-lambda-execution-production-20251121223225137500000003",
            "policy_arn": "arn:aws:iam::220657560168:policy/clouddojo-lambda-secrets-access-production",
            "role": "clouddojo-lambda-execution-production"
          },
          "sensitive_attributes": [],
          "identity_schema_version": 0,
          "private": "bnVsbA==",
          "dependencies": [
            "aws_iam_policy.secrets_access",
            "aws_iam_role.lambda_execution",
            "aws_secretsmanager_secret.database_url",
            "aws_secretsmanager_secret.redis_url",
            "aws_secretsmanager_secret.resend_api_key"
          ]
        }
      ]
    },
    {
      "mode": "managed",
      "type": "aws_iam_role_policy_attachment",
      "name": "lambda_sqs",
      "provider": "provider[\"registry.terraform.io/hashicorp/aws\"]",
      "instances": [
        {
          "schema_version": 0,
          "attributes": {
            "id": "clouddojo-lambda-execution-production-20251121223225364300000004",
            "policy_arn": "arn:aws:iam::220657560168:policy/clouddojo-lambda-sqs-access-production",
            "role": "clouddojo-lambda-execution-production"
          },
          "sensitive_attributes": [],
          "identity_schema_version": 0,
          "private": "bnVsbA==",
          "dependencies": [
            "aws_iam_policy.lambda_sqs_access",
            "aws_iam_role.lambda_execution",
            "aws_sqs_queue.email_dlq",
            "aws_sqs_queue.email_queue"
          ]
        }
      ]
    },
    {
      "mode": "managed",
      "type": "aws_iam_role_policy_attachment",
      "name": "lambda_vpc_execution",
      "provider": "provider[\"registry.terraform.io/hashicorp/aws\"]",
      "instances": [
        {
          "schema_version": 0,
          "attributes": {
            "id": "clouddojo-lambda-execution-production-20251121223224974300000002",
            "policy_arn": "arn:aws:iam::aws:policy/service-role/AWSLambdaVPCAccessExecutionRole",
            "role": "clouddojo-lambda-execution-production"
          },
          "sensitive_attributes": [],
          "identity_schema_version": 0,
          "private": "bnVsbA==",
          "dependencies": [
            "aws_iam_role.lambda_execution"
          ]
        }
      ]
    },
    {
      "mode": "managed",
      "type": "aws_internet_gateway",
      "name": "main",
      "provider": "provider[\"registry.terraform.io/hashicorp/aws\"]",
      "instances": [
        {
          "schema_version": 0,
          "attributes": {
            "arn": "arn:aws:ec2:us-east-1:220657560168:internet-gateway/igw-00d7d75524dcdea0a",
            "id": "igw-00d7d75524dcdea0a",
            "owner_id": "220657560168",
            "tags": {
              "Name": "clouddojo-igw"
            },
            "tags_all": {
              "Environment": "production",
              "ManagedBy": "Terraform",
              "Name": "clouddojo-igw",
              "Project": "CloudDojo",
              "Service": "EmailService"
            },
            "timeouts": null,
            "vpc_id": "vpc-0e3bf636c2fd44112"
          },
          "sensitive_attributes": [],
          "identity_schema_version": 0,
          "private": "eyJlMmJmYjczMC1lY2FhLTExZTYtOGY4OC0zNDM2M2JjN2M0YzAiOnsiY3JlYXRlIjoxMjAwMDAwMDAwMDAwLCJkZWxldGUiOjEyMDAwMDAwMDAwMDAsInVwZGF0ZSI6MTIwMDAwMDAwMDAwMH19",
          "dependencies": [
            "aws_vpc.main"
          ]
        }
      ]
    },
    {
      "mode": "managed",
      "type": "aws_lambda_function",
      "name": "inactive_users",
      "provider": "provider[\"registry.terraform.io/hashicorp/aws\"]",
      "instances": [
        {
          "schema_version": 0,
          "attributes": {
            "architectures": [
              "x86_64"
            ],
            "arn": "arn:aws:lambda:us-east-1:220657560168:function:clouddojo-inactive-users-production",
            "code_sha256": "9i4P0+lOTT0ZtV/beEq1eJIWMc6x7eNn9FHe6aG1JbU=",
            "code_signing_config_arn": "",
            "dead_letter_config": [],
            "description": "",
            "environment": [
              {
                "variables": {
                  "DATABASE_URL_SECRET": "clouddojo/database-url-production",
                  "EMAIL_QUEUE_URL": "https://sqs.us-east-1.amazonaws.com/220657560168/clouddojo-email-queue-production",
                  "NODE_ENV": "production",
                  "REDIS_URL_SECRET": "clouddojo/redis-url-production"
                }
              }
            ],
            "ephemeral_storage": [
              {
                "size": 512
              }
            ],
            "file_system_config": [],
            "filename": null,
            "function_name": "clouddojo-inactive-users-production",
            "handler": "dist/inactive-users.handler",
            "id": "clouddojo-inactive-users-production",
            "image_config": [],
            "image_uri": "",
            "invoke_arn": "arn:aws:apigateway:us-east-1:lambda:path/2015-03-31/functions/arn:aws:lambda:us-east-1:220657560168:function:clouddojo-inactive-users-production/invocations",
            "kms_key_arn": "",
            "last_modified": "2025-11-21T23:06:06.035+0000",
            "layers": [
              "arn:aws:lambda:us-east-1:220657560168:layer:clouddojo-shared-deps-production:1"
            ],
            "logging_config": [
              {
                "application_log_level": "",
                "log_format": "Text",
                "log_group": "/aws/lambda/clouddojo-inactive-users-production",
                "system_log_level": ""
              }
            ],
            "memory_size": 1024,
            "package_type": "Zip",
            "publish": false,
            "qualified_arn": "arn:aws:lambda:us-east-1:220657560168:function:clouddojo-inactive-users-production:$LATEST",
            "qualified_invoke_arn": "arn:aws:apigateway:us-east-1:lambda:path/2015-03-31/functions/arn:aws:lambda:us-east-1:220657560168:function:clouddojo-inactive-users-production:$LATEST/invocations",
            "replace_security_groups_on_destroy": null,
            "replacement_security_group_ids": null,
            "reserved_concurrent_executions": -1,
            "role": "arn:aws:iam::220657560168:role/clouddojo-lambda-execution-production",
            "runtime": "nodejs20.x",
            "s3_bucket": "clouddojo-lambda-deployments-production",
            "s3_key": "functions/inactive-users.zip",
            "s3_object_version": null,
            "signing_job_arn": "",
            "signing_profile_version_arn": "",
            "skip_destroy": false,
            "snap_start": [],
            "source_code_hash": "",
            "source_code_size": 80416795,
            "tags": {
              "Name": "clouddojo-inactive-users"
            },
            "tags_all": {
              "Environment": "production",
              "ManagedBy": "Terraform",
              "Name": "clouddojo-inactive-users",
              "Project": "CloudDojo",
              "Service": "EmailService"
            },
            "timeout": 300,
            "timeouts": null,
            "tracing_config": [
              {
                "mode": "PassThrough"
              }
            ],
            "version": "$LATEST",
            "vpc_config": [
              {
                "ipv6_allowed_for_dual_stack": false,
                "security_group_ids": [
                  "sg-034ad03455025afe7"
                ],
                "subnet_ids": [
                  "subnet-01898fc909d771cfb",
                  "subnet-096942262c745518c"
                ],
                "vpc_id": "vpc-0e3bf636c2fd44112"
              }
            ]
          },
          "sensitive_attributes": [],
          "identity_schema_version": 0,
          "private": "eyJlMmJmYjczMC1lY2FhLTExZTYtOGY4OC0zNDM2M2JjN2M0YzAiOnsiY3JlYXRlIjo2MDAwMDAwMDAwMDAsImRlbGV0ZSI6NjAwMDAwMDAwMDAwLCJ1cGRhdGUiOjYwMDAwMDAwMDAwMH19",
          "dependencies": [
            "aws_iam_role.lambda_execution",
            "aws_lambda_layer_version.shared_dependencies",
            "aws_s3_bucket.lambda_deployments",
            "aws_s3_object.inactive_users",
            "aws_s3_object.shared_layer",
            "aws_secretsmanager_secret.database_url",
            "aws_secretsmanager_secret.redis_url",
            "aws_security_group.lambda",
            "aws_sqs_queue.email_dlq",
            "aws_sqs_queue.email_queue",
            "aws_subnet.private",
            "aws_vpc.main",
            "data.aws_availability_zones.available"
          ]
        }
      ]
    },
    {
      "mode": "managed",
      "type": "aws_lambda_function",
      "name": "resend_webhook",
      "provider": "provider[\"registry.terraform.io/hashicorp/aws\"]",
      "instances": [
        {
          "schema_version": 0,
          "attributes": {
            "architectures": [
              "x86_64"
            ],
            "arn": "arn:aws:lambda:us-east-1:220657560168:function:clouddojo-resend-webhook-production",
            "code_sha256": "XaBc6dNWf29fxKRa+Jno7Dsrk70ecaT8Bu1uetCrjV0=",
            "code_signing_config_arn": "",
            "dead_letter_config": [],
            "description": "",
            "environment": [
              {
                "variables": {
                  "DATABASE_URL_SECRET": "clouddojo/database-url-production",
                  "NODE_ENV": "production"
                }
              }
            ],
            "ephemeral_storage": [
              {
                "size": 512
              }
            ],
            "file_system_config": [],
            "filename": null,
            "function_name": "clouddojo-resend-webhook-production",
            "handler": "dist/handler.handler",
            "id": "clouddojo-resend-webhook-production",
            "image_config": [],
            "image_uri": "",
            "invoke_arn": "arn:aws:apigateway:us-east-1:lambda:path/2015-03-31/functions/arn:aws:lambda:us-east-1:220657560168:function:clouddojo-resend-webhook-production/invocations",
            "kms_key_arn": "",
            "last_modified": "2025-11-21T23:06:01.131+0000",
            "layers": [
              "arn:aws:lambda:us-east-1:220657560168:layer:clouddojo-shared-deps-production:1"
            ],
            "logging_config": [
              {
                "application_log_level": "",
                "log_format": "Text",
                "log_group": "/aws/lambda/clouddojo-resend-webhook-production",
                "system_log_level": ""
              }
            ],
            "memory_size": 512,
            "package_type": "Zip",
            "publish": false,
            "qualified_arn": "arn:aws:lambda:us-east-1:220657560168:function:clouddojo-resend-webhook-production:$LATEST",
            "qualified_invoke_arn": "arn:aws:apigateway:us-east-1:lambda:path/2015-03-31/functions/arn:aws:lambda:us-east-1:220657560168:function:clouddojo-resend-webhook-production:$LATEST/invocations",
            "replace_security_groups_on_destroy": null,
            "replacement_security_group_ids": null,
            "reserved_concurrent_executions": -1,
            "role": "arn:aws:iam::220657560168:role/clouddojo-lambda-execution-production",
            "runtime": "nodejs20.x",
            "s3_bucket": "clouddojo-lambda-deployments-production",
            "s3_key": "functions/resend-webhook.zip",
            "s3_object_version": null,
            "signing_job_arn": "",
            "signing_profile_version_arn": "",
            "skip_destroy": false,
            "snap_start": [],
            "source_code_hash": "",
            "source_code_size": 80414940,
            "tags": {
              "Name": "clouddojo-resend-webhook"
            },
            "tags_all": {
              "Environment": "production",
              "ManagedBy": "Terraform",
              "Name": "clouddojo-resend-webhook",
              "Project": "CloudDojo",
              "Service": "EmailService"
            },
            "timeout": 30,
            "timeouts": null,
            "tracing_config": [
              {
                "mode": "PassThrough"
              }
            ],
            "version": "$LATEST",
            "vpc_config": [
              {
                "ipv6_allowed_for_dual_stack": false,
                "security_group_ids": [
                  "sg-034ad03455025afe7"
                ],
                "subnet_ids": [
                  "subnet-01898fc909d771cfb",
                  "subnet-096942262c745518c"
                ],
                "vpc_id": "vpc-0e3bf636c2fd44112"
              }
            ]
          },
          "sensitive_attributes": [],
          "identity_schema_version": 0,
          "private": "eyJlMmJmYjczMC1lY2FhLTExZTYtOGY4OC0zNDM2M2JjN2M0YzAiOnsiY3JlYXRlIjo2MDAwMDAwMDAwMDAsImRlbGV0ZSI6NjAwMDAwMDAwMDAwLCJ1cGRhdGUiOjYwMDAwMDAwMDAwMH19",
          "dependencies": [
            "aws_iam_role.lambda_execution",
            "aws_lambda_layer_version.shared_dependencies",
            "aws_s3_bucket.lambda_deployments",
            "aws_s3_object.resend_webhook",
            "aws_s3_object.shared_layer",
            "aws_secretsmanager_secret.database_url",
            "aws_security_group.lambda",
            "aws_subnet.private",
            "aws_vpc.main",
            "data.aws_availability_zones.available"
          ]
        }
      ]
    },
    {
      "mode": "managed",
      "type": "aws_lambda_function",
      "name": "weekly_progress",
      "provider": "provider[\"registry.terraform.io/hashicorp/aws\"]",
      "instances": [
        {
          "schema_version": 0,
          "attributes": {
            "architectures": [
              "x86_64"
            ],
            "arn": "arn:aws:lambda:us-east-1:220657560168:function:clouddojo-weekly-progress-production",
            "code_sha256": "46zCFrNC+jvNBrBaxJcD7V0Wd7ozmc5dDiVhEy5KkUo=",
            "code_signing_config_arn": "",
            "dead_letter_config": [],
            "description": "",
            "environment": [
              {
                "variables": {
                  "DATABASE_URL_SECRET": "clouddojo/database-url-production",
                  "EMAIL_QUEUE_URL": "https://sqs.us-east-1.amazonaws.com/220657560168/clouddojo-email-queue-production",
                  "NODE_ENV": "production",
                  "REDIS_URL_SECRET": "clouddojo/redis-url-production"
                }
              }
            ],
            "ephemeral_storage": [
              {
                "size": 512
              }
            ],
            "file_system_config": [],
            "filename": null,
            "function_name": "clouddojo-weekly-progress-production",
            "handler": "dist/weekly-progress.handler",
            "id": "clouddojo-weekly-progress-production",
            "image_config": [],
            "image_uri": "",
            "invoke_arn": "arn:aws:apigateway:us-east-1:lambda:path/2015-03-31/functions/arn:aws:lambda:us-east-1:220657560168:function:clouddojo-weekly-progress-production/invocations",
            "kms_key_arn": "",
            "last_modified": "2025-11-21T23:06:05.689+0000",
            "layers": [
              "arn:aws:lambda:us-east-1:220657560168:layer:clouddojo-shared-deps-production:1"
            ],
            "logging_config": [
              {
                "application_log_level": "",
                "log_format": "Text",
                "log_group": "/aws/lambda/clouddojo-weekly-progress-production",
                "system_log_level": ""
              }
            ],
            "memory_size": 1024,
            "package_type": "Zip",
            "publish": false,
            "qualified_arn": "arn:aws:lambda:us-east-1:220657560168:function:clouddojo-weekly-progress-production:$LATEST",
            "qualified_invoke_arn": "arn:aws:apigateway:us-east-1:lambda:path/2015-03-31/functions/arn:aws:lambda:us-east-1:220657560168:function:clouddojo-weekly-progress-production:$LATEST/invocations",
            "replace_security_groups_on_destroy": null,
            "replacement_security_group_ids": null,
            "reserved_concurrent_executions": -1,
            "role": "arn:aws:iam::220657560168:role/clouddojo-lambda-execution-production",
            "runtime": "nodejs20.x",
            "s3_bucket": "clouddojo-lambda-deployments-production",
            "s3_key": "functions/weekly-progress.zip",
            "s3_object_version": null,
            "signing_job_arn": "",
            "signing_profile_version_arn": "",
            "skip_destroy": false,
            "snap_start": [],
            "source_code_hash": "",
            "source_code_size": 80416795,
            "tags": {
              "Name": "clouddojo-weekly-progress"
            },
            "tags_all": {
              "Environment": "production",
              "ManagedBy": "Terraform",
              "Name": "clouddojo-weekly-progress",
              "Project": "CloudDojo",
              "Service": "EmailService"
            },
            "timeout": 300,
            "timeouts": null,
            "tracing_config": [
              {
                "mode": "PassThrough"
              }
            ],
            "version": "$LATEST",
            "vpc_config": [
              {
                "ipv6_allowed_for_dual_stack": false,
                "security_group_ids": [
                  "sg-034ad03455025afe7"
                ],
                "subnet_ids": [
                  "subnet-01898fc909d771cfb",
                  "subnet-096942262c745518c"
                ],
                "vpc_id": "vpc-0e3bf636c2fd44112"
              }
            ]
          },
          "sensitive_attributes": [],
          "identity_schema_version": 0,
          "private": "eyJlMmJmYjczMC1lY2FhLTExZTYtOGY4OC0zNDM2M2JjN2M0YzAiOnsiY3JlYXRlIjo2MDAwMDAwMDAwMDAsImRlbGV0ZSI6NjAwMDAwMDAwMDAwLCJ1cGRhdGUiOjYwMDAwMDAwMDAwMH19",
          "dependencies": [
            "aws_iam_role.lambda_execution",
            "aws_lambda_layer_version.shared_dependencies",
            "aws_s3_bucket.lambda_deployments",
            "aws_s3_object.shared_layer",
            "aws_s3_object.weekly_progress",
            "aws_secretsmanager_secret.database_url",
            "aws_secretsmanager_secret.redis_url",
            "aws_security_group.lambda",
            "aws_sqs_queue.email_dlq",
            "aws_sqs_queue.email_queue",
            "aws_subnet.private",
            "aws_vpc.main",
            "data.aws_availability_zones.available"
          ]
        }
      ]
    },
    {
      "mode": "managed",
      "type": "aws_lambda_function_url",
      "name": "resend_webhook",
      "provider": "provider[\"registry.terraform.io/hashicorp/aws\"]",
      "instances": [
        {
          "schema_version": 0,
          "attributes": {
            "authorization_type": "NONE",
            "cors": [
              {
                "allow_credentials": false,
                "allow_headers": [
                  "content-type",
                  "svix-signature"
                ],
                "allow_methods": [
                  "POST"
                ],
                "allow_origins": [
                  "*"
                ],
                "expose_headers": [],
                "max_age": 86400
              }
            ],
            "function_arn": "arn:aws:lambda:us-east-1:220657560168:function:clouddojo-resend-webhook-production",
            "function_name": "clouddojo-resend-webhook-production",
            "function_url": "https://j64kovr6t33sbng3z7oxuariya0vpkot.lambda-url.us-east-1.on.aws/",
            "id": "clouddojo-resend-webhook-production",
            "invoke_mode": "BUFFERED",
            "qualifier": "",
            "timeouts": null,
            "url_id": "j64kovr6t33sbng3z7oxuariya0vpkot"
          },
          "sensitive_attributes": [],
          "identity_schema_version": 0,
          "private": "eyJlMmJmYjczMC1lY2FhLTExZTYtOGY4OC0zNDM2M2JjN2M0YzAiOnsiY3JlYXRlIjo2MDAwMDAwMDAwMDB9fQ==",
          "dependencies": [
            "aws_iam_role.lambda_execution",
            "aws_lambda_function.resend_webhook",
            "aws_lambda_layer_version.shared_dependencies",
            "aws_s3_bucket.lambda_deployments",
            "aws_s3_object.resend_webhook",
            "aws_s3_object.shared_layer",
            "aws_secretsmanager_secret.database_url",
            "aws_security_group.lambda",
            "aws_subnet.private",
            "aws_vpc.main",
            "data.aws_availability_zones.available"
          ]
        }
      ]
    },
    {
      "mode": "managed",
      "type": "aws_lambda_layer_version",
      "name": "shared_dependencies",
      "provider": "provider[\"registry.terraform.io/hashicorp/aws\"]",
      "instances": [
        {
          "schema_version": 0,
          "attributes": {
            "arn": "arn:aws:lambda:us-east-1:220657560168:layer:clouddojo-shared-deps-production:1",
            "code_sha256": "HlleNzOFXqCxSFfVrPzLPASKarxteyxhATVSWd2Je60=",
            "compatible_architectures": [],
            "compatible_runtimes": [
              "nodejs20.x"
            ],
            "created_date": "2025-11-21T22:21:14.375+0000",
            "description": "Shared dependencies for email service Lambdas",
            "filename": null,
            "id": "arn:aws:lambda:us-east-1:220657560168:layer:clouddojo-shared-deps-production:1",
            "layer_arn": "arn:aws:lambda:us-east-1:220657560168:layer:clouddojo-shared-deps-production",
            "layer_name": "clouddojo-shared-deps-production",
            "license_info": "",
            "s3_bucket": "clouddojo-lambda-deployments-production",
            "s3_key": "layers/shared-layer.zip",
            "s3_object_version": null,
            "signing_job_arn": "",
            "signing_profile_version_arn": "",
            "skip_destroy": false,
            "source_code_hash": "",
            "source_code_size": 14231192,
            "version": "1"
          },
          "sensitive_attributes": [],
          "identity_schema_version": 0,
          "private": "bnVsbA==",
          "dependencies": [
            "aws_s3_bucket.lambda_deployments",
            "aws_s3_object.shared_layer"
          ]
        }
      ]
    },
    {
      "mode": "managed",
      "type": "aws_lambda_permission",
      "name": "allow_eventbridge_inactive",
      "provider": "provider[\"registry.terraform.io/hashicorp/aws\"]",
      "instances": [
        {
          "schema_version": 0,
          "attributes": {
            "action": "lambda:InvokeFunction",
            "event_source_token": null,
            "function_name": "clouddojo-inactive-users-production",
            "function_url_auth_type": null,
            "id": "AllowExecutionFromEventBridge",
            "principal": "events.amazonaws.com",
            "principal_org_id": null,
            "qualifier": "",
            "source_account": null,
            "source_arn": "arn:aws:events:us-east-1:220657560168:rule/clouddojo-inactive-users-production",
            "statement_id": "AllowExecutionFromEventBridge",
            "statement_id_prefix": ""
          },
          "sensitive_attributes": [],
          "identity_schema_version": 0,
          "private": "bnVsbA==",
          "dependencies": [
            "aws_cloudwatch_event_rule.inactive_users",
            "aws_iam_role.lambda_execution",
            "aws_lambda_function.inactive_users",
            "aws_lambda_layer_version.shared_dependencies",
            "aws_s3_bucket.lambda_deployments",
            "aws_s3_object.inactive_users",
            "aws_s3_object.shared_layer",
            "aws_secretsmanager_secret.database_url",
            "aws_secretsmanager_secret.redis_url",
            "aws_security_group.lambda",
            "aws_sqs_queue.email_dlq",
            "aws_sqs_queue.email_queue",
            "aws_subnet.private",
            "aws_vpc.main",
            "data.aws_availability_zones.available"
          ]
        }
      ]
    },
    {
      "mode": "managed",
      "type": "aws_lambda_permission",
      "name": "allow_eventbridge_weekly",
      "provider": "provider[\"registry.terraform.io/hashicorp/aws\"]",
      "instances": [
        {
          "schema_version": 0,
          "attributes": {
            "action": "lambda:InvokeFunction",
            "event_source_token": null,
            "function_name": "clouddojo-weekly-progress-production",
            "function_url_auth_type": null,
            "id": "AllowExecutionFromEventBridge",
            "principal": "events.amazonaws.com",
            "principal_org_id": null,
            "qualifier": "",
            "source_account": null,
            "source_arn": "arn:aws:events:us-east-1:220657560168:rule/clouddojo-weekly-progress-production",
            "statement_id": "AllowExecutionFromEventBridge",
            "statement_id_prefix": ""
          },
          "sensitive_attributes": [],
          "identity_schema_version": 0,
          "private": "bnVsbA==",
          "dependencies": [
            "aws_cloudwatch_event_rule.weekly_progress",
            "aws_iam_role.lambda_execution",
            "aws_lambda_function.weekly_progress",
            "aws_lambda_layer_version.shared_dependencies",
            "aws_s3_bucket.lambda_deployments",
            "aws_s3_object.shared_layer",
            "aws_s3_object.weekly_progress",
            "aws_secretsmanager_secret.database_url",
            "aws_secretsmanager_secret.redis_url",
            "aws_security_group.lambda",
            "aws_sqs_queue.email_dlq",
            "aws_sqs_queue.email_queue",
            "aws_subnet.private",
            "aws_vpc.main",
            "data.aws_availability_zones.available"
          ]
        }
      ]
    },
    {
      "mode": "managed",
      "type": "aws_nat_gateway",
      "name": "main",
      "provider": "provider[\"registry.terraform.io/hashicorp/aws\"]",
      "instances": [
        {
          "schema_version": 0,
          "attributes": {
            "allocation_id": "eipalloc-07acb2791766dfb58",
            "association_id": "eipassoc-035459d7f8eeb972d",
            "connectivity_type": "public",
            "id": "nat-02f7a0a030e329a5f",
            "network_interface_id": "eni-055c100353e6c632d",
            "private_ip": "10.0.0.124",
            "public_ip": "54.235.217.6",
            "secondary_allocation_ids": [],
            "secondary_private_ip_address_count": 0,
            "secondary_private_ip_addresses": [],
            "subnet_id": "subnet-0a11ec416f66b73d6",
            "tags": {
              "Name": "clouddojo-nat-gw"
            },
            "tags_all": {
              "Environment": "production",
              "ManagedBy": "Terraform",
              "Name": "clouddojo-nat-gw",
              "Project": "CloudDojo",
              "Service": "EmailService"
            },
            "timeouts": null
          },
          "sensitive_attributes": [],
          "identity_schema_version": 0,
          "private": "eyJlMmJmYjczMC1lY2FhLTExZTYtOGY4OC0zNDM2M2JjN2M0YzAiOnsiY3JlYXRlIjo2MDAwMDAwMDAwMDAsImRlbGV0ZSI6MTgwMDAwMDAwMDAwMCwidXBkYXRlIjo2MDAwMDAwMDAwMDB9fQ==",
          "dependencies": [
            "aws_eip.nat",
            "aws_internet_gateway.main",
            "aws_subnet.public",
            "aws_vpc.main",
            "data.aws_availability_zones.available"
          ]
        }
      ]
    },
    {
      "mode": "managed",
      "type": "aws_route_table",
      "name": "private",
      "provider": "provider[\"registry.terraform.io/hashicorp/aws\"]",
      "instances": [
        {
          "schema_version": 0,
          "attributes": {
            "arn": "arn:aws:ec2:us-east-1:220657560168:route-table/rtb-06503a4998befc93e",
            "id": "rtb-06503a4998befc93e",
            "owner_id": "220657560168",
            "propagating_vgws": [],
            "route": [
              {
                "carrier_gateway_id": "",
                "cidr_block": "0.0.0.0/0",
                "core_network_arn": "",
                "destination_prefix_list_id": "",
                "egress_only_gateway_id": "",
                "gateway_id": "",
                "ipv6_cidr_block": "",
                "local_gateway_id": "",
                "nat_gateway_id": "nat-02f7a0a030e329a5f",
                "network_interface_id": "",
                "transit_gateway_id": "",
                "vpc_endpoint_id": "",
                "vpc_peering_connection_id": ""
              }
            ],
            "tags": {
              "Name": "clouddojo-private-rt"
            },
            "tags_all": {
              "Environment": "production",
              "ManagedBy": "Terraform",
              "Name": "clouddojo-private-rt",
              "Project": "CloudDojo",
              "Service": "EmailService"
            },
            "timeouts": null,
            "vpc_id": "vpc-0e3bf636c2fd44112"
          },
          "sensitive_attributes": [],
          "identity_schema_version": 0,
          "private": "eyJlMmJmYjczMC1lY2FhLTExZTYtOGY4OC0zNDM2M2JjN2M0YzAiOnsiY3JlYXRlIjozMDAwMDAwMDAwMDAsImRlbGV0ZSI6MzAwMDAwMDAwMDAwLCJ1cGRhdGUiOjEyMDAwMDAwMDAwMH19",
          "dependencies": [
            "aws_eip.nat",
            "aws_internet_gateway.main",
            "aws_nat_gateway.main",
            "aws_subnet.public",
            "aws_vpc.main",
            "data.aws_availability_zones.available"
          ]
        }
      ]
    },
    {
      "mode": "managed",
      "type": "aws_route_table",
      "name": "public",
      "provider": "provider[\"registry.terraform.io/hashicorp/aws\"]",
      "instances": [
        {
          "schema_version": 0,
          "attributes": {
            "arn": "arn:aws:ec2:us-east-1:220657560168:route-table/rtb-0f5cc7e480f5fd3e4",
            "id": "rtb-0f5cc7e480f5fd3e4",
            "owner_id": "220657560168",
            "propagating_vgws": [],
            "route": [
              {
                "carrier_gateway_id": "",
                "cidr_block": "0.0.0.0/0",
                "core_network_arn": "",
                "destination_prefix_list_id": "",
                "egress_only_gateway_id": "",
                "gateway_id": "igw-00d7d75524dcdea0a",
                "ipv6_cidr_block": "",
                "local_gateway_id": "",
                "nat_gateway_id": "",
                "network_interface_id": "",
                "transit_gateway_id": "",
                "vpc_endpoint_id": "",
                "vpc_peering_connection_id": ""
              }
            ],
            "tags": {
              "Name": "clouddojo-public-rt"
            },
            "tags_all": {
              "Environment": "production",
              "ManagedBy": "Terraform",
              "Name": "clouddojo-public-rt",
              "Project": "CloudDojo",
              "Service": "EmailService"
            },
            "timeouts": null,
            "vpc_id": "vpc-0e3bf636c2fd44112"
          },
          "sensitive_attributes": [],
          "identity_schema_version": 0,
          "private": "eyJlMmJmYjczMC1lY2FhLTExZTYtOGY4OC0zNDM2M2JjN2M0YzAiOnsiY3JlYXRlIjozMDAwMDAwMDAwMDAsImRlbGV0ZSI6MzAwMDAwMDAwMDAwLCJ1cGRhdGUiOjEyMDAwMDAwMDAwMH19",
          "dependencies": [
            "aws_internet_gateway.main",
            "aws_vpc.main"
          ]
        }
      ]
    },
    {
      "mode": "managed",
      "type": "aws_route_table_association",
      "name": "private",
      "provider": "provider[\"registry.terraform.io/hashicorp/aws\"]",
      "instances": [
        {
          "index_key": 0,
          "schema_version": 0,
          "attributes": {
            "gateway_id": "",
            "id": "rtbassoc-0874f33cab51738f8",
            "route_table_id": "rtb-06503a4998befc93e",
            "subnet_id": "subnet-01898fc909d771cfb",
            "timeouts": null
          },
          "sensitive_attributes": [],
          "identity_schema_version": 0,
          "private": "eyJlMmJmYjczMC1lY2FhLTExZTYtOGY4OC0zNDM2M2JjN2M0YzAiOnsiY3JlYXRlIjozMDAwMDAwMDAwMDAsImRlbGV0ZSI6MzAwMDAwMDAwMDAwLCJ1cGRhdGUiOjEyMDAwMDAwMDAwMH19",
          "dependencies": [
            "aws_eip.nat",
            "aws_internet_gateway.main",
            "aws_nat_gateway.main",
            "aws_route_table.private",
            "aws_subnet.private",
            "aws_subnet.public",
            "aws_vpc.main",
            "data.aws_availability_zones.available"
          ]
        },
        {
          "index_key": 1,
          "schema_version": 0,
          "attributes": {
            "gateway_id": "",
            "id": "rtbassoc-05687a1b18911667e",
            "route_table_id": "rtb-06503a4998befc93e",
            "subnet_id": "subnet-096942262c745518c",
            "timeouts": null
          },
          "sensitive_attributes": [],
          "identity_schema_version": 0,
          "private": "eyJlMmJmYjczMC1lY2FhLTExZTYtOGY4OC0zNDM2M2JjN2M0YzAiOnsiY3JlYXRlIjozMDAwMDAwMDAwMDAsImRlbGV0ZSI6MzAwMDAwMDAwMDAwLCJ1cGRhdGUiOjEyMDAwMDAwMDAwMH19",
          "dependencies": [
            "aws_eip.nat",
            "aws_internet_gateway.main",
            "aws_nat_gateway.main",
            "aws_route_table.private",
            "aws_subnet.private",
            "aws_subnet.public",
            "aws_vpc.main",
            "data.aws_availability_zones.available"
          ]
        }
      ]
    },
    {
      "mode": "managed",
      "type": "aws_route_table_association",
      "name": "public",
      "provider": "provider[\"registry.terraform.io/hashicorp/aws\"]",
      "instances": [
        {
          "index_key": 0,
          "schema_version": 0,
          "attributes": {
            "gateway_id": "",
            "id": "rtbassoc-06d6e932523cd76c8",
            "route_table_id": "rtb-0f5cc7e480f5fd3e4",
            "subnet_id": "subnet-0a11ec416f66b73d6",
            "timeouts": null
          },
          "sensitive_attributes": [],
          "identity_schema_version": 0,
          "private": "eyJlMmJmYjczMC1lY2FhLTExZTYtOGY4OC0zNDM2M2JjN2M0YzAiOnsiY3JlYXRlIjozMDAwMDAwMDAwMDAsImRlbGV0ZSI6MzAwMDAwMDAwMDAwLCJ1cGRhdGUiOjEyMDAwMDAwMDAwMH19",
          "dependencies": [
            "aws_internet_gateway.main",
            "aws_route_table.public",
            "aws_subnet.public",
            "aws_vpc.main",
            "data.aws_availability_zones.available"
          ]
        },
        {
          "index_key": 1,
          "schema_version": 0,
          "attributes": {
            "gateway_id": "",
            "id": "rtbassoc-09ead9801398b0262",
            "route_table_id": "rtb-0f5cc7e480f5fd3e4",
            "subnet_id": "subnet-019284b8b6d6a8ee1",
            "timeouts": null
          },
          "sensitive_attributes": [],
          "identity_schema_version": 0,
          "private": "eyJlMmJmYjczMC1lY2FhLTExZTYtOGY4OC0zNDM2M2JjN2M0YzAiOnsiY3JlYXRlIjozMDAwMDAwMDAwMDAsImRlbGV0ZSI6MzAwMDAwMDAwMDAwLCJ1cGRhdGUiOjEyMDAwMDAwMDAwMH19",
          "dependencies": [
            "aws_internet_gateway.main",
            "aws_route_table.public",
            "aws_subnet.public",
            "aws_vpc.main",
            "data.aws_availability_zones.available"
          ]
        }
      ]
    },
    {
      "mode": "managed",
      "type": "aws_s3_bucket",
      "name": "lambda_deployments",
      "provider": "provider[\"registry.terraform.io/hashicorp/aws\"]",
      "instances": [
        {
          "schema_version": 0,
          "attributes": {
            "acceleration_status": "",
            "acl": null,
            "arn": "arn:aws:s3:::clouddojo-lambda-deployments-production",
            "bucket": "clouddojo-lambda-deployments-production",
            "bucket_domain_name": "clouddojo-lambda-deployments-production.s3.amazonaws.com",
            "bucket_prefix": "",
            "bucket_regional_domain_name": "clouddojo-lambda-deployments-production.s3.us-east-1.amazonaws.com",
            "cors_rule": [],
            "force_destroy": false,
            "grant": [
              {
                "id": "25aa4244ad9088fca80c535d6267c3cdb4a06dc3c60bf0305f5ff37e1bcfb1ba",
                "permissions": [
                  "FULL_CONTROL"
                ],
                "type": "CanonicalUser",
                "uri": ""
              }
            ],
            "hosted_zone_id": "Z3AQBSTGFYJSTF",
            "id": "clouddojo-lambda-deployments-production",
            "lifecycle_rule": [],
            "logging": [],
            "object_lock_configuration": [],
            "object_lock_enabled": false,
            "policy": "",
            "region": "us-east-1",
            "replication_configuration": [],
            "request_payer": "BucketOwner",
            "server_side_encryption_configuration": [
              {
                "rule": [
                  {
                    "apply_server_side_encryption_by_default": [
                      {
                        "kms_master_key_id": "",
                        "sse_algorithm": "AES256"
                      }
                    ],
                    "bucket_key_enabled": false
                  }
                ]
              }
            ],
            "tags": {
              "Environment": "production",
              "Name": "Lambda Deployment Packages"
            },
            "tags_all": {
              "Environment": "production",
              "ManagedBy": "Terraform",
              "Name": "Lambda Deployment Packages",
              "Project": "CloudDojo",
              "Service": "EmailService"
            },
            "timeouts": null,
            "versioning": [
              {
                "enabled": true,
                "mfa_delete": false
              }
            ],
            "website": [],
            "website_domain": null,
            "website_endpoint": null
          },
          "sensitive_attributes": [],
          "identity_schema_version": 0,
          "private": "eyJlMmJmYjczMC1lY2FhLTExZTYtOGY4OC0zNDM2M2JjN2M0YzAiOnsiY3JlYXRlIjoxMjAwMDAwMDAwMDAwLCJkZWxldGUiOjM2MDAwMDAwMDAwMDAsInJlYWQiOjEyMDAwMDAwMDAwMDAsInVwZGF0ZSI6MTIwMDAwMDAwMDAwMH19"
        }
      ]
    },
    {
      "mode": "managed",
      "type": "aws_s3_bucket_public_access_block",
      "name": "lambda_deployments",
      "provider": "provider[\"registry.terraform.io/hashicorp/aws\"]",
      "instances": [
        {
          "schema_version": 0,
          "attributes": {
            "block_public_acls": true,
            "block_public_policy": true,
            "bucket": "clouddojo-lambda-deployments-production",
            "id": "clouddojo-lambda-deployments-production",
            "ignore_public_acls": true,
            "restrict_public_buckets": true
          },
          "sensitive_attributes": [],
          "identity_schema_version": 0,
          "private": "bnVsbA==",
          "dependencies": [
            "aws_s3_bucket.lambda_deployments"
          ]
        }
      ]
    },
    {
      "mode": "managed",
      "type": "aws_s3_bucket_server_side_encryption_configuration",
      "name": "lambda_deployments",
      "provider": "provider[\"registry.terraform.io/hashicorp/aws\"]",
      "instances": [
        {
          "schema_version": 0,
          "attributes": {
            "bucket": "clouddojo-lambda-deployments-production",
            "expected_bucket_owner": "",
            "id": "clouddojo-lambda-deployments-production",
            "rule": [
              {
                "apply_server_side_encryption_by_default": [
                  {
                    "kms_master_key_id": "",
                    "sse_algorithm": "AES256"
                  }
                ],
                "bucket_key_enabled": false
              }
            ]
          },
          "sensitive_attributes": [],
          "identity_schema_version": 0,
          "private": "bnVsbA==",
          "dependencies": [
            "aws_s3_bucket.lambda_deployments"
          ]
        }
      ]
    },
    {
      "mode": "managed",
      "type": "aws_s3_bucket_versioning",
      "name": "lambda_deployments",
      "provider": "provider[\"registry.terraform.io/hashicorp/aws\"]",
      "instances": [
        {
          "schema_version": 0,
          "attributes": {
            "bucket": "clouddojo-lambda-deployments-production",
            "expected_bucket_owner": "",
            "id": "clouddojo-lambda-deployments-production",
            "mfa": null,
            "versioning_configuration": [
              {
                "mfa_delete": "",
                "status": "Enabled"
              }
            ]
          },
          "sensitive_attributes": [],
          "identity_schema_version": 0,
          "private": "bnVsbA==",
          "dependencies": [
            "aws_s3_bucket.lambda_deployments"
          ]
        }
      ]
    },
    {
      "mode": "managed",
      "type": "aws_s3_object",
      "name": "email_orchestrator",
      "provider": "provider[\"registry.terraform.io/hashicorp/aws\"]",
      "instances": [
        {
          "schema_version": 0,
          "attributes": {
            "acl": null,
            "arn": "arn:aws:s3:::clouddojo-lambda-deployments-production/functions/email-orchestrator.zip",
            "bucket": "clouddojo-lambda-deployments-production",
            "bucket_key_enabled": false,
            "cache_control": "",
            "checksum_algorithm": null,
            "checksum_crc32": "",
            "checksum_crc32c": "",
            "checksum_crc64nvme": "",
            "checksum_sha1": "",
            "checksum_sha256": "",
            "content": null,
            "content_base64": null,
            "content_disposition": "",
            "content_encoding": "",
            "content_language": "",
            "content_type": "binary/octet-stream",
            "etag": "2b30f85e2d04bf608f4a6f554817a6cb-20",
            "force_destroy": false,
            "id": "functions/email-orchestrator.zip",
            "key": "functions/email-orchestrator.zip",
            "kms_key_id": null,
            "metadata": {},
            "object_lock_legal_hold_status": "",
            "object_lock_mode": "",
            "object_lock_retain_until_date": "",
            "override_provider": [],
            "server_side_encryption": "AES256",
            "source": "../../aws-lambdas/email-orchestrator/function.zip",
            "source_hash": null,
            "storage_class": "STANDARD",
            "tags": {},
            "tags_all": {
              "Environment": "production",
              "ManagedBy": "Terraform",
              "Project": "CloudDojo",
              "Service": "EmailService"
            },
            "version_id": "c3NQEI7B6ikwLMBkCCIhI0BN9EhIPTXb",
            "website_redirect": ""
          },
          "sensitive_attributes": [],
          "identity_schema_version": 0,
          "private": "bnVsbA==",
          "dependencies": [
            "aws_s3_bucket.lambda_deployments"
          ]
        }
      ]
    },
    {
      "mode": "managed",
      "type": "aws_s3_object",
      "name": "inactive_users",
      "provider": "provider[\"registry.terraform.io/hashicorp/aws\"]",
      "instances": [
        {
          "schema_version": 0,
          "attributes": {
            "acl": null,
            "arn": "arn:aws:s3:::clouddojo-lambda-deployments-production/functions/inactive-users.zip",
            "bucket": "clouddojo-lambda-deployments-production",
            "bucket_key_enabled": false,
            "cache_control": "",
            "checksum_algorithm": null,
            "checksum_crc32": "",
            "checksum_crc32c": "",
            "checksum_crc64nvme": "",
            "checksum_sha1": "",
            "checksum_sha256": "",
            "content": null,
            "content_base64": null,
            "content_disposition": "",
            "content_encoding": "",
            "content_language": "",
            "content_type": "binary/octet-stream",
            "etag": "ebe1b4d9a6a861d3f6caa2d3de44ffe3-16",
            "force_destroy": false,
            "id": "functions/inactive-users.zip",
            "key": "functions/inactive-users.zip",
            "kms_key_id": null,
            "metadata": {},
            "object_lock_legal_hold_status": "",
            "object_lock_mode": "",
            "object_lock_retain_until_date": "",
            "override_provider": [],
            "server_side_encryption": "AES256",
            "source": "../../aws-lambdas/scheduled-campaigns/inactive-users.zip",
            "source_hash": null,
            "storage_class": "STANDARD",
            "tags": {},
            "tags_all": {
              "Environment": "production",
              "ManagedBy": "Terraform",
              "Project": "CloudDojo",
              "Service": "EmailService"
            },
            "version_id": "heR_0OUs4hXY7qrJCjYvzIITofzxebDM",
            "website_redirect": ""
          },
          "sensitive_attributes": [],
          "identity_schema_version": 0,
          "private": "bnVsbA==",
          "dependencies": [
            "aws_s3_bucket.lambda_deployments"
          ]
        }
      ]
    },
    {
      "mode": "managed",
      "type": "aws_s3_object",
      "name": "queue_processor",
      "provider": "provider[\"registry.terraform.io/hashicorp/aws\"]",
      "instances": [
        {
          "schema_version": 0,
          "attributes": {
            "acl": null,
            "arn": "arn:aws:s3:::clouddojo-lambda-deployments-production/functions/queue-processor.zip",
            "bucket": "clouddojo-lambda-deployments-production",
            "bucket_key_enabled": false,
            "cache_control": "",
            "checksum_algorithm": null,
            "checksum_crc32": "",
            "checksum_crc32c": "",
            "checksum_crc64nvme": "",
            "checksum_sha1": "",
            "checksum_sha256": "",
            "content": null,
            "content_base64": null,
            "content_disposition": "",
            "content_encoding": "",
            "content_language": "",
            "content_type": "binary/octet-stream",
            "etag": "454b29c794039ad131189718634ed705-23",
            "force_destroy": false,
            "id": "functions/queue-processor.zip",
            "key": "functions/queue-processor.zip",
            "kms_key_id": null,
            "metadata": {},
            "object_lock_legal_hold_status": "",
            "object_lock_mode": "",
            "object_lock_retain_until_date": "",
            "override_provider": [],
            "server_side_encryption": "AES256",
            "source": "../../aws-lambdas/queue-processor/function.zip",
            "source_hash": null,
            "storage_class": "STANDARD",
            "tags": {},
            "tags_all": {
              "Environment": "production",
              "ManagedBy": "Terraform",
              "Project": "CloudDojo",
              "Service": "EmailService"
            },
            "version_id": "RZARzPkS2a522pA_uwFj6fBcFCoYyq.7",
            "website_redirect": ""
          },
          "sensitive_attributes": [],
          "identity_schema_version": 0,
          "private": "bnVsbA==",
          "dependencies": [
            "aws_s3_bucket.lambda_deployments"
          ]
        }
      ]
    },
    {
      "mode": "managed",
      "type": "aws_s3_object",
      "name": "resend_webhook",
      "provider": "provider[\"registry.terraform.io/hashicorp/aws\"]",
      "instances": [
        {
          "schema_version": 0,
          "attributes": {
            "acl": null,
            "arn": "arn:aws:s3:::clouddojo-lambda-deployments-production/functions/resend-webhook.zip",
            "bucket": "clouddojo-lambda-deployments-production",
            "bucket_key_enabled": false,
            "cache_control": "",
            "checksum_algorithm": null,
            "checksum_crc32": "",
            "checksum_crc32c": "",
            "checksum_crc64nvme": "",
            "checksum_sha1": "",
            "checksum_sha256": "",
            "content": null,
            "content_base64": null,
            "content_disposition": "",
            "content_encoding": "",
            "content_language": "",
            "content_type": "binary/octet-stream",
            "etag": "efb4af7ae5114105b0aa78cabdc318b0-16",
            "force_destroy": false,
            "id": "functions/resend-webhook.zip",
            "key": "functions/resend-webhook.zip",
            "kms_key_id": null,
            "metadata": {},
            "object_lock_legal_hold_status": "",
            "object_lock_mode": "",
            "object_lock_retain_until_date": "",
            "override_provider": [],
            "server_side_encryption": "AES256",
            "source": "../../aws-lambdas/resend-webhook/function.zip",
            "source_hash": null,
            "storage_class": "STANDARD",
            "tags": {},
            "tags_all": {
              "Environment": "production",
              "ManagedBy": "Terraform",
              "Project": "CloudDojo",
              "Service": "EmailService"
            },
            "version_id": "DYNapDDKrd.Vcn4ZJJwmN7Ph78wu9i6.",
            "website_redirect": ""
          },
          "sensitive_attributes": [],
          "identity_schema_version": 0,
          "private": "bnVsbA==",
          "dependencies": [
            "aws_s3_bucket.lambda_deployments"
          ]
        }
      ]
    },
    {
      "mode": "managed",
      "type": "aws_s3_object",
      "name": "shared_layer",
      "provider": "provider[\"registry.terraform.io/hashicorp/aws\"]",
      "instances": [
        {
          "schema_version": 0,
          "attributes": {
            "acl": null,
            "arn": "arn:aws:s3:::clouddojo-lambda-deployments-production/layers/shared-layer.zip",
            "bucket": "clouddojo-lambda-deployments-production",
            "bucket_key_enabled": false,
            "cache_control": "",
            "checksum_algorithm": null,
            "checksum_crc32": "",
            "checksum_crc32c": "",
            "checksum_crc64nvme": "",
            "checksum_sha1": "",
            "checksum_sha256": "",
            "content": null,
            "content_base64": null,
            "content_disposition": "",
            "content_encoding": "",
            "content_language": "",
            "content_type": "binary/octet-stream",
            "etag": "4c33a3491606151c15431c31cb48dad5-3",
            "force_destroy": false,
            "id": "layers/shared-layer.zip",
            "key": "layers/shared-layer.zip",
            "kms_key_id": null,
            "metadata": {},
            "object_lock_legal_hold_status": "",
            "object_lock_mode": "",
            "object_lock_retain_until_date": "",
            "override_provider": [],
            "server_side_encryption": "AES256",
            "source": "../../aws-lambdas/shared-layer.zip",
            "source_hash": null,
            "storage_class": "STANDARD",
            "tags": {},
            "tags_all": {
              "Environment": "production",
              "ManagedBy": "Terraform",
              "Project": "CloudDojo",
              "Service": "EmailService"
            },
            "version_id": "UFQybGWB4fznMAJDX.KJSNPi15PZa6Ta",
            "website_redirect": ""
          },
          "sensitive_attributes": [],
          "identity_schema_version": 0,
          "private": "bnVsbA==",
          "dependencies": [
            "aws_s3_bucket.lambda_deployments"
          ]
        }
      ]
    },
    {
      "mode": "managed",
      "type": "aws_s3_object",
      "name": "weekly_progress",
      "provider": "provider[\"registry.terraform.io/hashicorp/aws\"]",
      "instances": [
        {
          "schema_version": 0,
          "attributes": {
            "acl": null,
            "arn": "arn:aws:s3:::clouddojo-lambda-deployments-production/functions/weekly-progress.zip",
            "bucket": "clouddojo-lambda-deployments-production",
            "bucket_key_enabled": false,
            "cache_control": "",
            "checksum_algorithm": null,
            "checksum_crc32": "",
            "checksum_crc32c": "",
            "checksum_crc64nvme": "",
            "checksum_sha1": "",
            "checksum_sha256": "",
            "content": null,
            "content_base64": null,
            "content_disposition": "",
            "content_encoding": "",
            "content_language": "",
            "content_type": "binary/octet-stream",
            "etag": "890a1b1016367311c7cb1ca7ba593588-16",
            "force_destroy": false,
            "id": "functions/weekly-progress.zip",
            "key": "functions/weekly-progress.zip",
            "kms_key_id": null,
            "metadata": {},
            "object_lock_legal_hold_status": "",
            "object_lock_mode": "",
            "object_lock_retain_until_date": "",
            "override_provider": [],
            "server_side_encryption": "AES256",
            "source": "../../aws-lambdas/scheduled-campaigns/weekly-progress.zip",
            "source_hash": null,
            "storage_class": "STANDARD",
            "tags": {},
            "tags_all": {
              "Environment": "production",
              "ManagedBy": "Terraform",
              "Project": "CloudDojo",
              "Service": "EmailService"
            },
            "version_id": "f9buf2wW70Q3b0YKanp__PTaUVgraLeW",
            "website_redirect": ""
          },
          "sensitive_attributes": [],
          "identity_schema_version": 0,
          "private": "bnVsbA==",
          "dependencies": [
            "aws_s3_bucket.lambda_deployments"
          ]
        }
      ]
    },
    {
      "mode": "managed",
      "type": "aws_secretsmanager_secret",
      "name": "database_url",
      "provider": "provider[\"registry.terraform.io/hashicorp/aws\"]",
      "instances": [
        {
          "schema_version": 0,
          "attributes": {
            "arn": "arn:aws:secretsmanager:us-east-1:220657560168:secret:clouddojo/database-url-production-pC52E6",
            "description": "PostgreSQL database connection URL",
            "force_overwrite_replica_secret": false,
            "id": "arn:aws:secretsmanager:us-east-1:220657560168:secret:clouddojo/database-url-production-pC52E6",
            "kms_key_id": "",
            "name": "clouddojo/database-url-production",
            "name_prefix": "",
            "policy": "",
            "recovery_window_in_days": 7,
            "replica": [],
            "tags": {
              "Name": "clouddojo-database-url"
            },
            "tags_all": {
              "Environment": "production",
              "ManagedBy": "Terraform",
              "Name": "clouddojo-database-url",
              "Project": "CloudDojo",
              "Service": "EmailService"
            }
          },
          "sensitive_attributes": [],
          "identity_schema_version": 0,
          "private": "bnVsbA=="
        }
      ]
    },
    {
      "mode": "managed",
      "type": "aws_secretsmanager_secret",
      "name": "redis_url",
      "provider": "provider[\"registry.terraform.io/hashicorp/aws\"]",
      "instances": [
        {
          "schema_version": 0,
          "attributes": {
            "arn": "arn:aws:secretsmanager:us-east-1:220657560168:secret:clouddojo/redis-url-production-VtIQF0",
            "description": "Redis connection URL",
            "force_overwrite_replica_secret": false,
            "id": "arn:aws:secretsmanager:us-east-1:220657560168:secret:clouddojo/redis-url-production-VtIQF0",
            "kms_key_id": "",
            "name": "clouddojo/redis-url-production",
            "name_prefix": "",
            "policy": "",
            "recovery_window_in_days": 7,
            "replica": [],
            "tags": {
              "Name": "clouddojo-redis-url"
            },
            "tags_all": {
              "Environment": "production",
              "ManagedBy": "Terraform",
              "Name": "clouddojo-redis-url",
              "Project": "CloudDojo",
              "Service": "EmailService"
            }
          },
          "sensitive_attributes": [],
          "identity_schema_version": 0,
          "private": "bnVsbA=="
        }
      ]
    },
    {
      "mode": "managed",
      "type": "aws_secretsmanager_secret",
      "name": "resend_api_key",
      "provider": "provider[\"registry.terraform.io/hashicorp/aws\"]",
      "instances": [
        {
          "schema_version": 0,
          "attributes": {
            "arn": "arn:aws:secretsmanager:us-east-1:220657560168:secret:clouddojo/resend-api-key-production-Cv8dP2",
            "description": "Resend API key for email service",
            "force_overwrite_replica_secret": false,
            "id": "arn:aws:secretsmanager:us-east-1:220657560168:secret:clouddojo/resend-api-key-production-Cv8dP2",
            "kms_key_id": "",
            "name": "clouddojo/resend-api-key-production",
            "name_prefix": "",
            "policy": "",
            "recovery_window_in_days": 7,
            "replica": [],
            "tags": {
              "Name": "clouddojo-resend-api-key"
            },
            "tags_all": {
              "Environment": "production",
              "ManagedBy": "Terraform",
              "Name": "clouddojo-resend-api-key",
              "Project": "CloudDojo",
              "Service": "EmailService"
            }
          },
          "sensitive_attributes": [],
          "identity_schema_version": 0,
          "private": "bnVsbA=="
        }
      ]
    },
    {
      "mode": "managed",
      "type": "aws_secretsmanager_secret_version",
      "name": "database_url",
      "provider": "provider[\"registry.terraform.io/hashicorp/aws\"]",
      "instances": [
        {
          "schema_version": 0,
          "attributes": {
            "arn": "arn:aws:secretsmanager:us-east-1:220657560168:secret:clouddojo/database-url-production-pC52E6",
            "has_secret_string_wo": null,
            "id": "arn:aws:secretsmanager:us-east-1:220657560168:secret:clouddojo/database-url-production-pC52E6|terraform-20251121205521037300000002",
            "secret_binary": "",
            "secret_id": "arn:aws:secretsmanager:us-east-1:220657560168:secret:clouddojo/database-url-production-pC52E6",
            "secret_string": "postgresql://clouddojodb_owner:npg_72XuUHOEYFyg@ep-silent-bar-a2tr7kfk-pooler.eu-central-1.aws.neon.tech/clouddojodb?sslmode=require",
            "secret_string_wo": null,
            "secret_string_wo_version": null,
            "version_id": "terraform-20251121205521037300000002",
            "version_stages": [
              "AWSCURRENT"
            ]
          },
          "sensitive_attributes": [
            [
              {
                "type": "get_attr",
                "value": "secret_binary"
              }
            ],
            [
              {
                "type": "get_attr",
                "value": "secret_string"
              }
            ],
            [
              {
                "type": "get_attr",
                "value": "secret_string_wo"
              }
            ]
          ],
          "identity_schema_version": 0,
          "private": "bnVsbA==",
          "dependencies": [
            "aws_secretsmanager_secret.database_url"
          ]
        }
      ]
    },
    {
      "mode": "managed",
      "type": "aws_secretsmanager_secret_version",
      "name": "redis_url",
      "provider": "provider[\"registry.terraform.io/hashicorp/aws\"]",
      "instances": [
        {
          "schema_version": 0,
          "attributes": {
            "arn": "arn:aws:secretsmanager:us-east-1:220657560168:secret:clouddojo/redis-url-production-VtIQF0",
            "has_secret_string_wo": null,
            "id": "arn:aws:secretsmanager:us-east-1:220657560168:secret:clouddojo/redis-url-production-VtIQF0|terraform-20251121222818954500000001",
            "secret_binary": "",
            "secret_id": "arn:aws:secretsmanager:us-east-1:220657560168:secret:clouddojo/redis-url-production-VtIQF0",
            "secret_string": "{\"host\":\"clouddojo-redis-production.6qqqxg.0001.use1.cache.amazonaws.com\",\"password\":\"\",\"port\":6379,\"url\":\"redis://clouddojo-redis-production.6qqqxg.0001.use1.cache.amazonaws.com:6379\"}",
            "secret_string_wo": null,
            "secret_string_wo_version": null,
            "version_id": "terraform-20251121222818954500000001",
            "version_stages": [
              "AWSCURRENT"
            ]
          },
          "sensitive_attributes": [
            [
              {
                "type": "get_attr",
                "value": "secret_binary"
              }
            ],
            [
              {
                "type": "get_attr",
                "value": "secret_string"
              }
            ],
            [
              {
                "type": "get_attr",
                "value": "secret_string_wo"
              }
            ]
          ],
          "identity_schema_version": 0,
          "private": "bnVsbA==",
          "dependencies": [
            "aws_elasticache_cluster.redis",
            "aws_elasticache_subnet_group.redis",
            "aws_secretsmanager_secret.redis_url",
            "aws_security_group.lambda",
            "aws_security_group.redis",
            "aws_subnet.private",
            "aws_vpc.main",
            "data.aws_availability_zones.available"
          ]
        }
      ]
    },
    {
      "mode": "managed",
      "type": "aws_secretsmanager_secret_version",
      "name": "resend_api_key",
      "provider": "provider[\"registry.terraform.io/hashicorp/aws\"]",
      "instances": [
        {
          "schema_version": 0,
          "attributes": {
            "arn": "arn:aws:secretsmanager:us-east-1:220657560168:secret:clouddojo/resend-api-key-production-Cv8dP2",
            "has_secret_string_wo": null,
            "id": "arn:aws:secretsmanager:us-east-1:220657560168:secret:clouddojo/resend-api-key-production-Cv8dP2|terraform-20251121205520837700000001",
            "secret_binary": "",
            "secret_id": "arn:aws:secretsmanager:us-east-1:220657560168:secret:clouddojo/resend-api-key-production-Cv8dP2",
            "secret_string": "re_Uz2TbUzH_KETRWSHDmBiCDUbW3Ze3BHBJ",
            "secret_string_wo": null,
            "secret_string_wo_version": null,
            "version_id": "terraform-20251121205520837700000001",
            "version_stages": [
              "AWSCURRENT"
            ]
          },
          "sensitive_attributes": [
            [
              {
                "type": "get_attr",
                "value": "secret_binary"
              }
            ],
            [
              {
                "type": "get_attr",
                "value": "secret_string"
              }
            ],
            [
              {
                "type": "get_attr",
                "value": "secret_string_wo"
              }
            ]
          ],
          "identity_schema_version": 0,
          "private": "bnVsbA==",
          "dependencies": [
            "aws_secretsmanager_secret.resend_api_key"
          ]
        }
      ]
    },
    {
      "mode": "managed",
      "type": "aws_security_group",
      "name": "lambda",
      "provider": "provider[\"registry.terraform.io/hashicorp/aws\"]",
      "instances": [
        {
          "schema_version": 1,
          "attributes": {
            "arn": "arn:aws:ec2:us-east-1:220657560168:security-group/sg-034ad03455025afe7",
            "description": "Security group for Lambda functions",
            "egress": [
              {
                "cidr_blocks": [
                  "0.0.0.0/0"
                ],
                "description": "",
                "from_port": 0,
                "ipv6_cidr_blocks": [],
                "prefix_list_ids": [],
                "protocol": "-1",
                "security_groups": [],
                "self": false,
                "to_port": 0
              }
            ],
            "id": "sg-034ad03455025afe7",
            "ingress": [],
            "name": "clouddojo-lambda-sg-production",
            "name_prefix": "",
            "owner_id": "220657560168",
            "revoke_rules_on_delete": false,
            "tags": {
              "Name": "clouddojo-lambda-sg"
            },
            "tags_all": {
              "Environment": "production",
              "ManagedBy": "Terraform",
              "Name": "clouddojo-lambda-sg",
              "Project": "CloudDojo",
              "Service": "EmailService"
            },
            "timeouts": null,
            "vpc_id": "vpc-0e3bf636c2fd44112"
          },
          "sensitive_attributes": [],
          "identity_schema_version": 0,
          "private": "eyJlMmJmYjczMC1lY2FhLTExZTYtOGY4OC0zNDM2M2JjN2M0YzAiOnsiY3JlYXRlIjo2MDAwMDAwMDAwMDAsImRlbGV0ZSI6OTAwMDAwMDAwMDAwfSwic2NoZW1hX3ZlcnNpb24iOiIxIn0=",
          "dependencies": [
            "aws_vpc.main"
          ]
        }
      ]
    },
    {
      "mode": "managed",
      "type": "aws_security_group",
      "name": "redis",
      "provider": "provider[\"registry.terraform.io/hashicorp/aws\"]",
      "instances": [
        {
          "schema_version": 1,
          "attributes": {
            "arn": "arn:aws:ec2:us-east-1:220657560168:security-group/sg-00f900552c96436fb",
            "description": "Security group for Redis cluster",
            "egress": [
              {
                "cidr_blocks": [
                  "0.0.0.0/0"
                ],
                "description": "",
                "from_port": 0,
                "ipv6_cidr_blocks": [],
                "prefix_list_ids": [],
                "protocol": "-1",
                "security_groups": [],
                "self": false,
                "to_port": 0
              }
            ],
            "id": "sg-00f900552c96436fb",
            "ingress": [
              {
                "cidr_blocks": [],
                "description": "Redis from Lambda",
                "from_port": 6379,
                "ipv6_cidr_blocks": [],
                "prefix_list_ids": [],
                "protocol": "tcp",
                "security_groups": [
                  "sg-034ad03455025afe7"
                ],
                "self": false,
                "to_port": 6379
              }
            ],
            "name": "clouddojo-redis-sg-production",
            "name_prefix": "",
            "owner_id": "220657560168",
            "revoke_rules_on_delete": false,
            "tags": {
              "Name": "clouddojo-redis-sg"
            },
            "tags_all": {
              "Environment": "production",
              "ManagedBy": "Terraform",
              "Name": "clouddojo-redis-sg",
              "Project": "CloudDojo",
              "Service": "EmailService"
            },
            "timeouts": null,
            "vpc_id": "vpc-0e3bf636c2fd44112"
          },
          "sensitive_attributes": [],
          "identity_schema_version": 0,
          "private": "eyJlMmJmYjczMC1lY2FhLTExZTYtOGY4OC0zNDM2M2JjN2M0YzAiOnsiY3JlYXRlIjo2MDAwMDAwMDAwMDAsImRlbGV0ZSI6OTAwMDAwMDAwMDAwfSwic2NoZW1hX3ZlcnNpb24iOiIxIn0=",
          "dependencies": [
            "aws_security_group.lambda",
            "aws_vpc.main"
          ]
        }
      ]
    },
    {
      "mode": "managed",
      "type": "aws_sqs_queue",
      "name": "email_dlq",
      "provider": "provider[\"registry.terraform.io/hashicorp/aws\"]",
      "instances": [
        {
          "schema_version": 0,
          "attributes": {
            "arn": "arn:aws:sqs:us-east-1:220657560168:clouddojo-email-dlq-production",
            "content_based_deduplication": false,
            "deduplication_scope": "",
            "delay_seconds": 0,
            "fifo_queue": false,
            "fifo_throughput_limit": "",
            "id": "https://sqs.us-east-1.amazonaws.com/220657560168/clouddojo-email-dlq-production",
            "kms_data_key_reuse_period_seconds": 300,
            "kms_master_key_id": "",
            "max_message_size": 262144,
            "message_retention_seconds": 1209600,
            "name": "clouddojo-email-dlq-production",
            "name_prefix": "",
            "policy": "",
            "receive_wait_time_seconds": 20,
            "redrive_allow_policy": "",
            "redrive_policy": "",
            "sqs_managed_sse_enabled": true,
            "tags": {
              "Name": "clouddojo-email-dlq"
            },
            "tags_all": {
              "Environment": "production",
              "ManagedBy": "Terraform",
              "Name": "clouddojo-email-dlq",
              "Project": "CloudDojo",
              "Service": "EmailService"
            },
            "timeouts": null,
            "url": "https://sqs.us-east-1.amazonaws.com/220657560168/clouddojo-email-dlq-production",
            "visibility_timeout_seconds": 30
          },
          "sensitive_attributes": [],
          "identity_schema_version": 0,
          "private": "eyJlMmJmYjczMC1lY2FhLTExZTYtOGY4OC0zNDM2M2JjN2M0YzAiOnsiY3JlYXRlIjoxODAwMDAwMDAwMDAsImRlbGV0ZSI6MTgwMDAwMDAwMDAwLCJ1cGRhdGUiOjE4MDAwMDAwMDAwMH19"
        }
      ]
    },
    {
      "mode": "managed",
      "type": "aws_sqs_queue",
      "name": "email_queue",
      "provider": "provider[\"registry.terraform.io/hashicorp/aws\"]",
      "instances": [
        {
          "schema_version": 0,
          "attributes": {
            "arn": "arn:aws:sqs:us-east-1:220657560168:clouddojo-email-queue-production",
            "content_based_deduplication": false,
            "deduplication_scope": "",
            "delay_seconds": 0,
            "fifo_queue": false,
            "fifo_throughput_limit": "",
            "id": "https://sqs.us-east-1.amazonaws.com/220657560168/clouddojo-email-queue-production",
            "kms_data_key_reuse_period_seconds": 300,
            "kms_master_key_id": "",
            "max_message_size": 262144,
            "message_retention_seconds": 345600,
            "name": "clouddojo-email-queue-production",
            "name_prefix": "",
            "policy": "{\"Statement\":[{\"Action\":[\"sqs:SendMessage\",\"sqs:ReceiveMessage\",\"sqs:DeleteMessage\",\"sqs:GetQueueAttributes\"],\"Effect\":\"Allow\",\"Principal\":{\"Service\":\"lambda.amazonaws.com\"},\"Resource\":\"arn:aws:sqs:us-east-1:220657560168:clouddojo-email-queue-production\"}],\"Version\":\"2012-10-17\"}",
            "receive_wait_time_seconds": 20,
            "redrive_allow_policy": "",
            "redrive_policy": "{\"deadLetterTargetArn\":\"arn:aws:sqs:us-east-1:220657560168:clouddojo-email-dlq-production\",\"maxReceiveCount\":3}",
            "sqs_managed_sse_enabled": true,
            "tags": {
              "Name": "clouddojo-email-queue"
            },
            "tags_all": {
              "Environment": "production",
              "ManagedBy": "Terraform",
              "Name": "clouddojo-email-queue",
              "Project": "CloudDojo",
              "Service": "EmailService"
            },
            "timeouts": null,
            "url": "https://sqs.us-east-1.amazonaws.com/220657560168/clouddojo-email-queue-production",
            "visibility_timeout_seconds": 300
          },
          "sensitive_attributes": [],
          "identity_schema_version": 0,
          "private": "eyJlMmJmYjczMC1lY2FhLTExZTYtOGY4OC0zNDM2M2JjN2M0YzAiOnsiY3JlYXRlIjoxODAwMDAwMDAwMDAsImRlbGV0ZSI6MTgwMDAwMDAwMDAwLCJ1cGRhdGUiOjE4MDAwMDAwMDAwMH19",
          "dependencies": [
            "aws_sqs_queue.email_dlq"
          ]
        }
      ]
    },
    {
      "mode": "managed",
      "type": "aws_sqs_queue_policy",
      "name": "email_queue_policy",
      "provider": "provider[\"registry.terraform.io/hashicorp/aws\"]",
      "instances": [
        {
          "schema_version": 1,
          "attributes": {
            "id": "https://sqs.us-east-1.amazonaws.com/220657560168/clouddojo-email-queue-production",
            "policy": "{\"Statement\":[{\"Action\":[\"sqs:SendMessage\",\"sqs:ReceiveMessage\",\"sqs:DeleteMessage\",\"sqs:GetQueueAttributes\"],\"Effect\":\"Allow\",\"Principal\":{\"Service\":\"lambda.amazonaws.com\"},\"Resource\":\"arn:aws:sqs:us-east-1:220657560168:clouddojo-email-queue-production\"}],\"Version\":\"2012-10-17\"}",
            "queue_url": "https://sqs.us-east-1.amazonaws.com/220657560168/clouddojo-email-queue-production"
          },
          "sensitive_attributes": [],
          "identity_schema_version": 0,
          "private": "eyJzY2hlbWFfdmVyc2lvbiI6IjEifQ==",
          "dependencies": [
            "aws_sqs_queue.email_dlq",
            "aws_sqs_queue.email_queue"
          ]
        }
      ]
    },
    {
      "mode": "managed",
      "type": "aws_subnet",
      "name": "private",
      "provider": "provider[\"registry.terraform.io/hashicorp/aws\"]",
      "instances": [
        {
          "index_key": 0,
          "schema_version": 1,
          "attributes": {
            "arn": "arn:aws:ec2:us-east-1:220657560168:subnet/subnet-01898fc909d771cfb",
            "assign_ipv6_address_on_creation": false,
            "availability_zone": "us-east-1a",
            "availability_zone_id": "use1-az6",
            "cidr_block": "10.0.10.0/24",
            "customer_owned_ipv4_pool": "",
            "enable_dns64": false,
            "enable_lni_at_device_index": 0,
            "enable_resource_name_dns_a_record_on_launch": false,
            "enable_resource_name_dns_aaaa_record_on_launch": false,
            "id": "subnet-01898fc909d771cfb",
            "ipv6_cidr_block": "",
            "ipv6_cidr_block_association_id": "",
            "ipv6_native": false,
            "map_customer_owned_ip_on_launch": false,
            "map_public_ip_on_launch": false,
            "outpost_arn": "",
            "owner_id": "220657560168",
            "private_dns_hostname_type_on_launch": "ip-name",
            "tags": {
              "Name": "clouddojo-private-subnet-1"
            },
            "tags_all": {
              "Environment": "production",
              "ManagedBy": "Terraform",
              "Name": "clouddojo-private-subnet-1",
              "Project": "CloudDojo",
              "Service": "EmailService"
            },
            "timeouts": null,
            "vpc_id": "vpc-0e3bf636c2fd44112"
          },
          "sensitive_attributes": [],
          "identity_schema_version": 0,
          "private": "eyJlMmJmYjczMC1lY2FhLTExZTYtOGY4OC0zNDM2M2JjN2M0YzAiOnsiY3JlYXRlIjo2MDAwMDAwMDAwMDAsImRlbGV0ZSI6MTIwMDAwMDAwMDAwMH0sInNjaGVtYV92ZXJzaW9uIjoiMSJ9",
          "dependencies": [
            "aws_vpc.main",
            "data.aws_availability_zones.available"
          ]
        },
        {
          "index_key": 1,
          "schema_version": 1,
          "attributes": {
            "arn": "arn:aws:ec2:us-east-1:220657560168:subnet/subnet-096942262c745518c",
            "assign_ipv6_address_on_creation": false,
            "availability_zone": "us-east-1b",
            "availability_zone_id": "use1-az1",
            "cidr_block": "10.0.11.0/24",
            "customer_owned_ipv4_pool": "",
            "enable_dns64": false,
            "enable_lni_at_device_index": 0,
            "enable_resource_name_dns_a_record_on_launch": false,
            "enable_resource_name_dns_aaaa_record_on_launch": false,
            "id": "subnet-096942262c745518c",
            "ipv6_cidr_block": "",
            "ipv6_cidr_block_association_id": "",
            "ipv6_native": false,
            "map_customer_owned_ip_on_launch": false,
            "map_public_ip_on_launch": false,
            "outpost_arn": "",
            "owner_id": "220657560168",
            "private_dns_hostname_type_on_launch": "ip-name",
            "tags": {
              "Name": "clouddojo-private-subnet-2"
            },
            "tags_all": {
              "Environment": "production",
              "ManagedBy": "Terraform",
              "Name": "clouddojo-private-subnet-2",
              "Project": "CloudDojo",
              "Service": "EmailService"
            },
            "timeouts": null,
            "vpc_id": "vpc-0e3bf636c2fd44112"
          },
          "sensitive_attributes": [],
          "identity_schema_version": 0,
          "private": "eyJlMmJmYjczMC1lY2FhLTExZTYtOGY4OC0zNDM2M2JjN2M0YzAiOnsiY3JlYXRlIjo2MDAwMDAwMDAwMDAsImRlbGV0ZSI6MTIwMDAwMDAwMDAwMH0sInNjaGVtYV92ZXJzaW9uIjoiMSJ9",
          "dependencies": [
            "aws_vpc.main",
            "data.aws_availability_zones.available"
          ]
        }
      ]
    },
    {
      "mode": "managed",
      "type": "aws_subnet",
      "name": "public",
      "provider": "provider[\"registry.terraform.io/hashicorp/aws\"]",
      "instances": [
        {
          "index_key": 0,
          "schema_version": 1,
          "attributes": {
            "arn": "arn:aws:ec2:us-east-1:220657560168:subnet/subnet-0a11ec416f66b73d6",
            "assign_ipv6_address_on_creation": false,
            "availability_zone": "us-east-1a",
            "availability_zone_id": "use1-az6",
            "cidr_block": "10.0.0.0/24",
            "customer_owned_ipv4_pool": "",
            "enable_dns64": false,
            "enable_lni_at_device_index": 0,
            "enable_resource_name_dns_a_record_on_launch": false,
            "enable_resource_name_dns_aaaa_record_on_launch": false,
            "id": "subnet-0a11ec416f66b73d6",
            "ipv6_cidr_block": "",
            "ipv6_cidr_block_association_id": "",
            "ipv6_native": false,
            "map_customer_owned_ip_on_launch": false,
            "map_public_ip_on_launch": true,
            "outpost_arn": "",
            "owner_id": "220657560168",
            "private_dns_hostname_type_on_launch": "ip-name",
            "tags": {
              "Name": "clouddojo-public-subnet-1"
            },
            "tags_all": {
              "Environment": "production",
              "ManagedBy": "Terraform",
              "Name": "clouddojo-public-subnet-1",
              "Project": "CloudDojo",
              "Service": "EmailService"
            },
            "timeouts": null,
            "vpc_id": "vpc-0e3bf636c2fd44112"
          },
          "sensitive_attributes": [],
          "identity_schema_version": 0,
          "private": "eyJlMmJmYjczMC1lY2FhLTExZTYtOGY4OC0zNDM2M2JjN2M0YzAiOnsiY3JlYXRlIjo2MDAwMDAwMDAwMDAsImRlbGV0ZSI6MTIwMDAwMDAwMDAwMH0sInNjaGVtYV92ZXJzaW9uIjoiMSJ9",
          "dependencies": [
            "aws_vpc.main",
            "data.aws_availability_zones.available"
          ]
        },
        {
          "index_key": 1,
          "schema_version": 1,
          "attributes": {
            "arn": "arn:aws:ec2:us-east-1:220657560168:subnet/subnet-019284b8b6d6a8ee1",
            "assign_ipv6_address_on_creation": false,
            "availability_zone": "us-east-1b",
            "availability_zone_id": "use1-az1",
            "cidr_block": "10.0.1.0/24",
            "customer_owned_ipv4_pool": "",
            "enable_dns64": false,
            "enable_lni_at_device_index": 0,
            "enable_resource_name_dns_a_record_on_launch": false,
            "enable_resource_name_dns_aaaa_record_on_launch": false,
            "id": "subnet-019284b8b6d6a8ee1",
            "ipv6_cidr_block": "",
            "ipv6_cidr_block_association_id": "",
            "ipv6_native": false,
            "map_customer_owned_ip_on_launch": false,
            "map_public_ip_on_launch": true,
            "outpost_arn": "",
            "owner_id": "220657560168",
            "private_dns_hostname_type_on_launch": "ip-name",
            "tags": {
              "Name": "clouddojo-public-subnet-2"
            },
            "tags_all": {
              "Environment": "production",
              "ManagedBy": "Terraform",
              "Name": "clouddojo-public-subnet-2",
              "Project": "CloudDojo",
              "Service": "EmailService"
            },
            "timeouts": null,
            "vpc_id": "vpc-0e3bf636c2fd44112"
          },
          "sensitive_attributes": [],
          "identity_schema_version": 0,
          "private": "eyJlMmJmYjczMC1lY2FhLTExZTYtOGY4OC0zNDM2M2JjN2M0YzAiOnsiY3JlYXRlIjo2MDAwMDAwMDAwMDAsImRlbGV0ZSI6MTIwMDAwMDAwMDAwMH0sInNjaGVtYV92ZXJzaW9uIjoiMSJ9",
          "dependencies": [
            "aws_vpc.main",
            "data.aws_availability_zones.available"
          ]
        }
      ]
    },
    {
      "mode": "managed",
      "type": "aws_vpc",
      "name": "main",
      "provider": "provider[\"registry.terraform.io/hashicorp/aws\"]",
      "instances": [
        {
          "schema_version": 1,
          "attributes": {
            "arn": "arn:aws:ec2:us-east-1:220657560168:vpc/vpc-0e3bf636c2fd44112",
            "assign_generated_ipv6_cidr_block": false,
            "cidr_block": "10.0.0.0/16",
            "default_network_acl_id": "acl-07f997e49280c4bf3",
            "default_route_table_id": "rtb-0167bc7a0dcfece61",
            "default_security_group_id": "sg-06d025f2e7d7f9875",
            "dhcp_options_id": "dopt-08a5db8b03433a669",
            "enable_dns_hostnames": true,
            "enable_dns_support": true,
            "enable_network_address_usage_metrics": false,
            "id": "vpc-0e3bf636c2fd44112",
            "instance_tenancy": "default",
            "ipv4_ipam_pool_id": null,
            "ipv4_netmask_length": null,
            "ipv6_association_id": "",
            "ipv6_cidr_block": "",
            "ipv6_cidr_block_network_border_group": "",
            "ipv6_ipam_pool_id": "",
            "ipv6_netmask_length": 0,
            "main_route_table_id": "rtb-0167bc7a0dcfece61",
            "owner_id": "220657560168",
            "tags": {
              "Name": "clouddojo-vpc-production"
            },
            "tags_all": {
              "Environment": "production",
              "ManagedBy": "Terraform",
              "Name": "clouddojo-vpc-production",
              "Project": "CloudDojo",
              "Service": "EmailService"
            }
          },
          "sensitive_attributes": [],
          "identity_schema_version": 0,
          "private": "eyJzY2hlbWFfdmVyc2lvbiI6IjEifQ=="
        }
      ]
    }
  ],
  "check_results": null
}
